// !$*UTF8*$!
{
	archiveVersion = 1;
	classes = {
	};
	objectVersion = 46;
	objects = {

/* Begin PBXBuildFile section */
		4D4351181974D8CE0018D4F9 /* APSM_Page3.m in Sources */ = {isa = PBXBuildFile; fileRef = 4D4351171974D8CE0018D4F9 /* APSM_Page3.m */; };
		4D43514119750D530018D4F9 /* APSM_Page2.m in Sources */ = {isa = PBXBuildFile; fileRef = 4D43514019750D530018D4F9 /* APSM_Page2.m */; };
		4D43517219751A020018D4F9 /* wing4_1.jpg in Resources */ = {isa = PBXBuildFile; fileRef = 4D43516C19751A020018D4F9 /* wing4_1.jpg */; };
		4D43517319751A020018D4F9 /* wing4_2.jpg in Resources */ = {isa = PBXBuildFile; fileRef = 4D43516D19751A020018D4F9 /* wing4_2.jpg */; };
		4D43517419751A020018D4F9 /* wing6_1.jpg in Resources */ = {isa = PBXBuildFile; fileRef = 4D43516E19751A020018D4F9 /* wing6_1.jpg */; };
		4D43517519751A020018D4F9 /* wing6_2.jpg in Resources */ = {isa = PBXBuildFile; fileRef = 4D43516F19751A020018D4F9 /* wing6_2.jpg */; };
		4D43517619751A020018D4F9 /* wing8_1.jpg in Resources */ = {isa = PBXBuildFile; fileRef = 4D43517019751A020018D4F9 /* wing8_1.jpg */; };
		4D43517719751A020018D4F9 /* wing8_2.jpg in Resources */ = {isa = PBXBuildFile; fileRef = 4D43517119751A020018D4F9 /* wing8_2.jpg */; };
		4D43E3051976205E00B7CA4F /* Page.m in Sources */ = {isa = PBXBuildFile; fileRef = 4D43E3041976205E00B7CA4F /* Page.m */; };
		4D43E310197629E800B7CA4F /* caution(60x60).png.png in Resources */ = {isa = PBXBuildFile; fileRef = 4D43E308197629E800B7CA4F /* caution(60x60).png.png */; };
		4D43E311197629E800B7CA4F /* link_g.png in Resources */ = {isa = PBXBuildFile; fileRef = 4D43E309197629E800B7CA4F /* link_g.png */; };
		4D43E312197629E800B7CA4F /* link_r.png in Resources */ = {isa = PBXBuildFile; fileRef = 4D43E30A197629E800B7CA4F /* link_r.png */; };
		4D43E313197629E800B7CA4F /* phone_ConnectionStatus(64x64).png in Resources */ = {isa = PBXBuildFile; fileRef = 4D43E30B197629E800B7CA4F /* phone_ConnectionStatus(64x64).png */; };
		4D43E314197629E800B7CA4F /* phone_Menu_001(630x96).png in Resources */ = {isa = PBXBuildFile; fileRef = 4D43E30C197629E800B7CA4F /* phone_Menu_001(630x96).png */; };
		4D43E315197629E800B7CA4F /* phone_Menu_011(412x96).png in Resources */ = {isa = PBXBuildFile; fileRef = 4D43E30D197629E800B7CA4F /* phone_Menu_011(412x96).png */; };
		4D43E316197629E800B7CA4F /* phone_Menu_012(96x96).png in Resources */ = {isa = PBXBuildFile; fileRef = 4D43E30E197629E800B7CA4F /* phone_Menu_012(96x96).png */; };
		4D43E317197629E800B7CA4F /* phone_Menu_013(122x96).png in Resources */ = {isa = PBXBuildFile; fileRef = 4D43E30F197629E800B7CA4F /* phone_Menu_013(122x96).png */; };
		4D43E31919762FB400B7CA4F /* phone_h_001(320x64).png in Resources */ = {isa = PBXBuildFile; fileRef = 4D43E31819762FB400B7CA4F /* phone_h_001(320x64).png */; };
		4D43E31D197646EB00B7CA4F /* phone_Menu_021(218x96).png in Resources */ = {isa = PBXBuildFile; fileRef = 4D43E31A197646EB00B7CA4F /* phone_Menu_021(218x96).png */; };
		4D43E31E197646EB00B7CA4F /* phone_Menu_022(194x96).png in Resources */ = {isa = PBXBuildFile; fileRef = 4D43E31B197646EB00B7CA4F /* phone_Menu_022(194x96).png */; };
		4D43E31F197646EB00B7CA4F /* phone_Menu_023(218x96).png in Resources */ = {isa = PBXBuildFile; fileRef = 4D43E31C197646EB00B7CA4F /* phone_Menu_023(218x96).png */; };
		4D43E325197659FF00B7CA4F /* Localizable.strings in Resources */ = {isa = PBXBuildFile; fileRef = 4D43E327197659FF00B7CA4F /* Localizable.strings */; };
		4D43E32C19765B7300B7CA4F /* Language.m in Sources */ = {isa = PBXBuildFile; fileRef = 4D43E32B19765B7300B7CA4F /* Language.m */; };
		4D43E33019765FF100B7CA4F /* Pages.m in Sources */ = {isa = PBXBuildFile; fileRef = 4D43E32F19765FF100B7CA4F /* Pages.m */; };
		4D6BED25197A596900F6B545 /* ViewSource.h in Headers */ = {isa = PBXBuildFile; fileRef = 4D6BED23197A596900F6B545 /* ViewSource.h */; };
		4D6BED26197A596900F6B545 /* ViewSource.m in Sources */ = {isa = PBXBuildFile; fileRef = 4D6BED24197A596900F6B545 /* ViewSource.m */; };
		4DC05E861974C82E0011B415 /* NSMutableArray+SWUtilityButtons.h in Headers */ = {isa = PBXBuildFile; fileRef = 4DC05E531974C82E0011B415 /* NSMutableArray+SWUtilityButtons.h */; };
		4DC05E871974C82E0011B415 /* NSMutableArray+SWUtilityButtons.m in Sources */ = {isa = PBXBuildFile; fileRef = 4DC05E541974C82E0011B415 /* NSMutableArray+SWUtilityButtons.m */; };
		4DC05E881974C82E0011B415 /* SWCellScrollView.h in Headers */ = {isa = PBXBuildFile; fileRef = 4DC05E551974C82E0011B415 /* SWCellScrollView.h */; };
		4DC05E891974C82E0011B415 /* SWCellScrollView.m in Sources */ = {isa = PBXBuildFile; fileRef = 4DC05E561974C82E0011B415 /* SWCellScrollView.m */; };
		4DC05E8A1974C82E0011B415 /* SWLongPressGestureRecognizer.h in Headers */ = {isa = PBXBuildFile; fileRef = 4DC05E571974C82E0011B415 /* SWLongPressGestureRecognizer.h */; };
		4DC05E8B1974C82E0011B415 /* SWLongPressGestureRecognizer.m in Sources */ = {isa = PBXBuildFile; fileRef = 4DC05E581974C82E0011B415 /* SWLongPressGestureRecognizer.m */; };
		4DC05E8C1974C82E0011B415 /* SWTableViewCell.h in Headers */ = {isa = PBXBuildFile; fileRef = 4DC05E591974C82E0011B415 /* SWTableViewCell.h */; };
		4DC05E8D1974C82E0011B415 /* SWTableViewCell.m in Sources */ = {isa = PBXBuildFile; fileRef = 4DC05E5A1974C82E0011B415 /* SWTableViewCell.m */; };
		4DC05E8E1974C82E0011B415 /* SWUtilityButtonTapGestureRecognizer.h in Headers */ = {isa = PBXBuildFile; fileRef = 4DC05E5B1974C82E0011B415 /* SWUtilityButtonTapGestureRecognizer.h */; };
		4DC05E8F1974C82E0011B415 /* SWUtilityButtonTapGestureRecognizer.m in Sources */ = {isa = PBXBuildFile; fileRef = 4DC05E5C1974C82E0011B415 /* SWUtilityButtonTapGestureRecognizer.m */; };
		4DC05E901974C82E0011B415 /* SWUtilityButtonView.h in Headers */ = {isa = PBXBuildFile; fileRef = 4DC05E5D1974C82E0011B415 /* SWUtilityButtonView.h */; };
		4DC05E911974C82E0011B415 /* SWUtilityButtonView.m in Sources */ = {isa = PBXBuildFile; fileRef = 4DC05E5E1974C82E0011B415 /* SWUtilityButtonView.m */; };
		4DC05E981974C82E0011B415 /* pic_Blade-Direction_001(172x172).png in Resources */ = {isa = PBXBuildFile; fileRef = 4DC05E671974C82E0011B415 /* pic_Blade-Direction_001(172x172).png */; };
		4DC05E991974C82E0011B415 /* pic_Blade-Direction_002(172x172).png in Resources */ = {isa = PBXBuildFile; fileRef = 4DC05E681974C82E0011B415 /* pic_Blade-Direction_002(172x172).png */; };
		4DC05E9A1974C82E0011B415 /* pic_pitdirection_001(172x172).png in Resources */ = {isa = PBXBuildFile; fileRef = 4DC05E691974C82E0011B415 /* pic_pitdirection_001(172x172).png */; };
		4DC05E9B1974C82E0011B415 /* pic_pitdirection_002(172x172).png in Resources */ = {isa = PBXBuildFile; fileRef = 4DC05E6A1974C82E0011B415 /* pic_pitdirection_002(172x172).png */; };
		4DC05E9C1974C82E0011B415 /* TemplateView1.h in Headers */ = {isa = PBXBuildFile; fileRef = 4DC05E6B1974C82E0011B415 /* TemplateView1.h */; };
		4DC05E9D1974C82E0011B415 /* TemplateView1.m in Sources */ = {isa = PBXBuildFile; fileRef = 4DC05E6C1974C82E0011B415 /* TemplateView1.m */; };
		4DC05E9E1974C82E0011B415 /* TemplateView1.xib in Resources */ = {isa = PBXBuildFile; fileRef = 4DC05E6D1974C82E0011B415 /* TemplateView1.xib */; };
		4DC05E9F1974C82E0011B415 /* TemplateView2.h in Headers */ = {isa = PBXBuildFile; fileRef = 4DC05E6E1974C82E0011B415 /* TemplateView2.h */; };
		4DC05EA01974C82E0011B415 /* TemplateView2.m in Sources */ = {isa = PBXBuildFile; fileRef = 4DC05E6F1974C82E0011B415 /* TemplateView2.m */; };
		4DC05EA11974C82E0011B415 /* TemplateView2.xib in Resources */ = {isa = PBXBuildFile; fileRef = 4DC05E701974C82E0011B415 /* TemplateView2.xib */; };
		4DC05EB51974C82E0011B415 /* YumeKit-Prefix.pch in Headers */ = {isa = PBXBuildFile; fileRef = 4DC05E851974C82E0011B415 /* YumeKit-Prefix.pch */; };
		4DDB13811974C8F900045C40 /* Foundation.framework in Frameworks */ = {isa = PBXBuildFile; fileRef = 4DDB13801974C8F900045C40 /* Foundation.framework */; };
		4DDB13831974C93200045C40 /* APSM-Prefix.pch in Headers */ = {isa = PBXBuildFile; fileRef = 4DDB13821974C93200045C40 /* APSM-Prefix.pch */; };
		4DF8E4461974B98500023E2A /* main.m in Sources */ = {isa = PBXBuildFile; fileRef = 4DF8E4451974B98500023E2A /* main.m */; };
		4DF8E4491974B98500023E2A /* AppDelegate.m in Sources */ = {isa = PBXBuildFile; fileRef = 4DF8E4481974B98500023E2A /* AppDelegate.m */; };
		4DF8E44F1974B98500023E2A /* Main.storyboard in Resources */ = {isa = PBXBuildFile; fileRef = 4DF8E44D1974B98500023E2A /* Main.storyboard */; };
		4DF8E4511974B98500023E2A /* Images.xcassets in Resources */ = {isa = PBXBuildFile; fileRef = 4DF8E4501974B98500023E2A /* Images.xcassets */; };
		4DF8E45D1974B98600023E2A /* APSMTests.m in Sources */ = {isa = PBXBuildFile; fileRef = 4DF8E45C1974B98600023E2A /* APSMTests.m */; };
		4DF8E48C1974BA0000023E2A /* APSM_Page1.m in Sources */ = {isa = PBXBuildFile; fileRef = 4DF8E4681974BA0000023E2A /* APSM_Page1.m */; };
		4DF8E48E1974BA0000023E2A /* NIDropDown.m in Sources */ = {isa = PBXBuildFile; fileRef = 4DF8E46D1974BA0000023E2A /* NIDropDown.m */; };
		4DF8E48F1974BA0000023E2A /* HomeViewController.m in Sources */ = {isa = PBXBuildFile; fileRef = 4DF8E46F1974BA0000023E2A /* HomeViewController.m */; };
		4DF8E4901974BA0000023E2A /* 112.png in Resources */ = {isa = PBXBuildFile; fileRef = 4DF8E4711974BA0000023E2A /* 112.png */; };
		4DF8E4911974BA0000023E2A /* 223.png in Resources */ = {isa = PBXBuildFile; fileRef = 4DF8E4721974BA0000023E2A /* 223.png */; };
		4DF8E4921974BA0000023E2A /* home(32x32).png in Resources */ = {isa = PBXBuildFile; fileRef = 4DF8E4731974BA0000023E2A /* home(32x32).png */; };
		4DF8E4931974BA0000023E2A /* Icon.png in Resources */ = {isa = PBXBuildFile; fileRef = 4DF8E4741974BA0000023E2A /* Icon.png */; };
		4DF8E4941974BA0000023E2A /* menu_background.png(296x36).png in Resources */ = {isa = PBXBuildFile; fileRef = 4DF8E4751974BA0000023E2A /* menu_background.png(296x36).png */; };
		4DF8E4951974BA0000023E2A /* phone_h_icon(44x44).png in Resources */ = {isa = PBXBuildFile; fileRef = 4DF8E4761974BA0000023E2A /* phone_h_icon(44x44).png */; };
		4DF8E4961974BA0000023E2A /* phone_Menu_031(218x96).png in Resources */ = {isa = PBXBuildFile; fileRef = 4DF8E4771974BA0000023E2A /* phone_Menu_031(218x96).png */; };
		4DF8E4971974BA0000023E2A /* phone_Menu_032(194x96).png in Resources */ = {isa = PBXBuildFile; fileRef = 4DF8E4781974BA0000023E2A /* phone_Menu_032(194x96).png */; };
		4DF8E4981974BA0000023E2A /* phone_Menu_033(218x96).png in Resources */ = {isa = PBXBuildFile; fileRef = 4DF8E4791974BA0000023E2A /* phone_Menu_033(218x96).png */; };
		4DF8E4991974BA0000023E2A /* phone_page00(640).jpg in Resources */ = {isa = PBXBuildFile; fileRef = 4DF8E47A1974BA0000023E2A /* phone_page00(640).jpg */; };
		4DF8E49A1974BA0000023E2A /* window_background.png(1008x642).png in Resources */ = {isa = PBXBuildFile; fileRef = 4DF8E47B1974BA0000023E2A /* window_background.png(1008x642).png */; };
		4DF8E49B1974BA0000023E2A /* LicensePageViewController.m in Sources */ = {isa = PBXBuildFile; fileRef = 4DF8E47D1974BA0000023E2A /* LicensePageViewController.m */; };
		4DF8E49C1974BA0000023E2A /* TTBlackTriangle.m in Sources */ = {isa = PBXBuildFile; fileRef = 4DF8E4801974BA0000023E2A /* TTBlackTriangle.m */; };
		4DF8E49E1974BA0000023E2A /* TTScrollViewWrapper.m in Sources */ = {isa = PBXBuildFile; fileRef = 4DF8E4841974BA0000023E2A /* TTScrollViewWrapper.m */; };
		4DF8E49F1974BA0000023E2A /* TTSlidingPage.m in Sources */ = {isa = PBXBuildFile; fileRef = 4DF8E4871974BA0000023E2A /* TTSlidingPage.m */; };
		4DF8E4A01974BA0000023E2A /* TTSlidingPageTitle.m in Sources */ = {isa = PBXBuildFile; fileRef = 4DF8E48A1974BA0000023E2A /* TTSlidingPageTitle.m */; };
		4DF8E4AB1974BA0E00023E2A /* YumeKit.h in Headers */ = {isa = PBXBuildFile; fileRef = 4DF8E4AA1974BA0E00023E2A /* YumeKit.h */; settings = {ATTRIBUTES = (Public, ); }; };
		4DF8E4B11974BA0E00023E2A /* YumeKit.framework in Frameworks */ = {isa = PBXBuildFile; fileRef = 4DF8E4A61974BA0E00023E2A /* YumeKit.framework */; };
		4DF8E4B81974BA0E00023E2A /* YumeKitTests.m in Sources */ = {isa = PBXBuildFile; fileRef = 4DF8E4B71974BA0E00023E2A /* YumeKitTests.m */; };
		4DF8E4BB1974BA0E00023E2A /* YumeKit.framework in Frameworks */ = {isa = PBXBuildFile; fileRef = 4DF8E4A61974BA0E00023E2A /* YumeKit.framework */; };
		4DF8E4BC1974BA0E00023E2A /* YumeKit.framework in Embed Frameworks */ = {isa = PBXBuildFile; fileRef = 4DF8E4A61974BA0E00023E2A /* YumeKit.framework */; settings = {ATTRIBUTES = (CodeSignOnCopy, ); }; };
		DB0E56A7197A21A8006D471C /* arrow(560x100).png in Resources */ = {isa = PBXBuildFile; fileRef = DB0E56A4197A21A8006D471C /* arrow(560x100).png */; };
		DB0E56A8197A21A8006D471C /* slider_track(240x10).png in Resources */ = {isa = PBXBuildFile; fileRef = DB0E56A5197A21A8006D471C /* slider_track(240x10).png */; };
		DB0E56A9197A21A8006D471C /* slider.png in Resources */ = {isa = PBXBuildFile; fileRef = DB0E56A6197A21A8006D471C /* slider.png */; };
		DB8D1C901978E7C900FC88BA /* TransmitterRadioView.h in Headers */ = {isa = PBXBuildFile; fileRef = DB8D1C8E1978E7C900FC88BA /* TransmitterRadioView.h */; };
		DB8D1C911978E7C900FC88BA /* TransmitterRadioView.m in Sources */ = {isa = PBXBuildFile; fileRef = DB8D1C8F1978E7C900FC88BA /* TransmitterRadioView.m */; };
		DB8D1C931978E81800FC88BA /* TransmitterRadioView.xib in Resources */ = {isa = PBXBuildFile; fileRef = DB8D1C921978E81800FC88BA /* TransmitterRadioView.xib */; };
		DB9437BB19790B9800AA2AE8 /* MCUPacketDevice.h in Headers */ = {isa = PBXBuildFile; fileRef = DB9437A819790B9800AA2AE8 /* MCUPacketDevice.h */; };
		DB9437BC19790B9800AA2AE8 /* VerticalUILabel.h in Headers */ = {isa = PBXBuildFile; fileRef = DB9437A919790B9800AA2AE8 /* VerticalUILabel.h */; };
		DB9437BD19790B9800AA2AE8 /* VerticalUILabel.m in Sources */ = {isa = PBXBuildFile; fileRef = DB9437AA19790B9800AA2AE8 /* VerticalUILabel.m */; };
		DB9437BE19790B9800AA2AE8 /* yumeBTLERemoteController.h in Headers */ = {isa = PBXBuildFile; fileRef = DB9437AB19790B9800AA2AE8 /* yumeBTLERemoteController.h */; };
		DB9437BF19790B9800AA2AE8 /* yumeBTLERemoteController.m in Sources */ = {isa = PBXBuildFile; fileRef = DB9437AC19790B9800AA2AE8 /* yumeBTLERemoteController.m */; };
		DB9437C019790B9800AA2AE8 /* yumeDeviceListAlertTableView.h in Headers */ = {isa = PBXBuildFile; fileRef = DB9437AD19790B9800AA2AE8 /* yumeDeviceListAlertTableView.h */; };
		DB9437C119790B9800AA2AE8 /* yumeDeviceListAlertTableView.m in Sources */ = {isa = PBXBuildFile; fileRef = DB9437AE19790B9800AA2AE8 /* yumeDeviceListAlertTableView.m */; };
		DB9437C219790B9800AA2AE8 /* yumeLanguage.h in Headers */ = {isa = PBXBuildFile; fileRef = DB9437AF19790B9800AA2AE8 /* yumeLanguage.h */; };
		DB9437C319790B9800AA2AE8 /* yumeLanguage.m in Sources */ = {isa = PBXBuildFile; fileRef = DB9437B019790B9800AA2AE8 /* yumeLanguage.m */; };
		DB9437C419790B9800AA2AE8 /* yumeRCPDRemoteControllerParameterData.h in Headers */ = {isa = PBXBuildFile; fileRef = DB9437B119790B9800AA2AE8 /* yumeRCPDRemoteControllerParameterData.h */; };
		DB9437C519790B9800AA2AE8 /* yumeRCPDRemoteControllerParameterData.m in Sources */ = {isa = PBXBuildFile; fileRef = DB9437B219790B9800AA2AE8 /* yumeRCPDRemoteControllerParameterData.m */; };
		DB9437C619790B9800AA2AE8 /* yumeRCPRemoteControllerParameter.h in Headers */ = {isa = PBXBuildFile; fileRef = DB9437B319790B9800AA2AE8 /* yumeRCPRemoteControllerParameter.h */; };
		DB9437C719790B9800AA2AE8 /* yumeRCPRemoteControllerParameter.m in Sources */ = {isa = PBXBuildFile; fileRef = DB9437B419790B9800AA2AE8 /* yumeRCPRemoteControllerParameter.m */; };
		DB9437C819790B9800AA2AE8 /* yumeRCPRemoteControllerRadio.h in Headers */ = {isa = PBXBuildFile; fileRef = DB9437B519790B9800AA2AE8 /* yumeRCPRemoteControllerRadio.h */; };
		DB9437C919790B9800AA2AE8 /* yumeRCPRemoteControllerRadio.m in Sources */ = {isa = PBXBuildFile; fileRef = DB9437B619790B9800AA2AE8 /* yumeRCPRemoteControllerRadio.m */; };
		DB9437CA19790B9800AA2AE8 /* yumeRCRDRemoteControllerRadioData.h in Headers */ = {isa = PBXBuildFile; fileRef = DB9437B719790B9800AA2AE8 /* yumeRCRDRemoteControllerRadioData.h */; };
		DB9437CB19790B9800AA2AE8 /* yumeRCRDRemoteControllerRadioData.m in Sources */ = {isa = PBXBuildFile; fileRef = DB9437B819790B9800AA2AE8 /* yumeRCRDRemoteControllerRadioData.m */; };
		DB9437CC19790B9800AA2AE8 /* yumeRemoteControllerDeviceProtocol.h in Headers */ = {isa = PBXBuildFile; fileRef = DB9437B919790B9800AA2AE8 /* yumeRemoteControllerDeviceProtocol.h */; };
		DB9437CD19790B9800AA2AE8 /* yumeRemoteControllerDeviceProtocol.m in Sources */ = {isa = PBXBuildFile; fileRef = DB9437BA19790B9800AA2AE8 /* yumeRemoteControllerDeviceProtocol.m */; };
		DB9437D019790DBC00AA2AE8 /* APSMViewController.m in Sources */ = {isa = PBXBuildFile; fileRef = DB9437CF19790DBC00AA2AE8 /* APSMViewController.m */; };
		DB9B36ED197A4739005B0021 /* OSD_Page1.m in Sources */ = {isa = PBXBuildFile; fileRef = DB9B36EC197A4739005B0021 /* OSD_Page1.m */; };
		DB9B36F0197A49B4005B0021 /* LabelAndSegment.h in Headers */ = {isa = PBXBuildFile; fileRef = DB9B36EE197A49B3005B0021 /* LabelAndSegment.h */; };
		DB9B36F1197A49B4005B0021 /* LabelAndSegment.m in Sources */ = {isa = PBXBuildFile; fileRef = DB9B36EF197A49B3005B0021 /* LabelAndSegment.m */; };
		DB9B36F3197A4B38005B0021 /* LabelAndSegment.xib in Resources */ = {isa = PBXBuildFile; fileRef = DB9B36F2197A4B38005B0021 /* LabelAndSegment.xib */; };
		DB9B36F6197A58CD005B0021 /* AngleOfVisibilityView.h in Headers */ = {isa = PBXBuildFile; fileRef = DB9B36F4197A58CD005B0021 /* AngleOfVisibilityView.h */; };
		DB9B36F7197A58CD005B0021 /* AngleOfVisibilityView.m in Sources */ = {isa = PBXBuildFile; fileRef = DB9B36F5197A58CD005B0021 /* AngleOfVisibilityView.m */; };
		DB9B36F9197A5A72005B0021 /* AngleOfVisibilityView.xib in Resources */ = {isa = PBXBuildFile; fileRef = DB9B36F8197A5A72005B0021 /* AngleOfVisibilityView.xib */; };
		DBAB59DC197A1845008E770A /* SegmentAndSlider.h in Headers */ = {isa = PBXBuildFile; fileRef = DBAB59D9197A1845008E770A /* SegmentAndSlider.h */; };
		DBAB59DD197A1845008E770A /* SegmentAndSlider.m in Sources */ = {isa = PBXBuildFile; fileRef = DBAB59DA197A1845008E770A /* SegmentAndSlider.m */; };
		DBAB59DE197A1845008E770A /* SegmentAndSlider.xib in Resources */ = {isa = PBXBuildFile; fileRef = DBAB59DB197A1845008E770A /* SegmentAndSlider.xib */; };
		DBBF4B431978A8D700665F99 /* page_buttombackground(1008x64).png in Resources */ = {isa = PBXBuildFile; fileRef = DBBF4B421978A8D700665F99 /* page_buttombackground(1008x64).png */; };
		DBC6109E1978FC980003EC11 /* BlankView.h in Headers */ = {isa = PBXBuildFile; fileRef = DBC6109C1978FC980003EC11 /* BlankView.h */; };
		DBC6109F1978FC980003EC11 /* BlankView.m in Sources */ = {isa = PBXBuildFile; fileRef = DBC6109D1978FC980003EC11 /* BlankView.m */; };
		DBC610AE197909950003EC11 /* UITextField+Yume.h in Headers */ = {isa = PBXBuildFile; fileRef = DBC610A0197909950003EC11 /* UITextField+Yume.h */; };
		DBC610AF197909950003EC11 /* UITextField+Yume.m in Sources */ = {isa = PBXBuildFile; fileRef = DBC610A1197909950003EC11 /* UITextField+Yume.m */; };
		DBC610B0197909950003EC11 /* yumeImageButtonsView.h in Headers */ = {isa = PBXBuildFile; fileRef = DBC610A2197909950003EC11 /* yumeImageButtonsView.h */; };
		DBC610B1197909950003EC11 /* yumeImageButtonsView.m in Sources */ = {isa = PBXBuildFile; fileRef = DBC610A3197909950003EC11 /* yumeImageButtonsView.m */; };
		DBC610B2197909950003EC11 /* yumeImageButtonsView.xib in Resources */ = {isa = PBXBuildFile; fileRef = DBC610A4197909950003EC11 /* yumeImageButtonsView.xib */; };
		DBC610B3197909950003EC11 /* yumeSensitivityView.h in Headers */ = {isa = PBXBuildFile; fileRef = DBC610A5197909950003EC11 /* yumeSensitivityView.h */; };
		DBC610B4197909950003EC11 /* yumeSensitivityView.m in Sources */ = {isa = PBXBuildFile; fileRef = DBC610A6197909950003EC11 /* yumeSensitivityView.m */; };
		DBC610B5197909950003EC11 /* yumeSensitivityView.xib in Resources */ = {isa = PBXBuildFile; fileRef = DBC610A7197909950003EC11 /* yumeSensitivityView.xib */; };
		DBC610B6197909950003EC11 /* yumeSwicthAndVoltageView.h in Headers */ = {isa = PBXBuildFile; fileRef = DBC610A8197909950003EC11 /* yumeSwicthAndVoltageView.h */; };
		DBC610B7197909950003EC11 /* yumeSwicthAndVoltageView.m in Sources */ = {isa = PBXBuildFile; fileRef = DBC610A9197909950003EC11 /* yumeSwicthAndVoltageView.m */; };
		DBC610B8197909950003EC11 /* yumeSwicthAndVoltageView.xib in Resources */ = {isa = PBXBuildFile; fileRef = DBC610AA197909950003EC11 /* yumeSwicthAndVoltageView.xib */; };
		DBC610B9197909950003EC11 /* yumeXYZView.h in Headers */ = {isa = PBXBuildFile; fileRef = DBC610AB197909950003EC11 /* yumeXYZView.h */; };
		DBC610BA197909950003EC11 /* yumeXYZView.m in Sources */ = {isa = PBXBuildFile; fileRef = DBC610AC197909950003EC11 /* yumeXYZView.m */; };
		DBC610BB197909950003EC11 /* yumeXYZView.xib in Resources */ = {isa = PBXBuildFile; fileRef = DBC610AD197909950003EC11 /* yumeXYZView.xib */; };
		DBCF958B197CA8BF000ECE81 /* CradleHead_Page1.m in Sources */ = {isa = PBXBuildFile; fileRef = DBCF958A197CA8BF000ECE81 /* CradleHead_Page1.m */; };
		DBCF958E197CB914000ECE81 /* CradleHeadControllView.h in Headers */ = {isa = PBXBuildFile; fileRef = DBCF958C197CB914000ECE81 /* CradleHeadControllView.h */; };
		DBCF958F197CB914000ECE81 /* CradleHeadControllView.m in Sources */ = {isa = PBXBuildFile; fileRef = DBCF958D197CB914000ECE81 /* CradleHeadControllView.m */; };
		DBCF9591197CB9B8000ECE81 /* CradleHeadControllView.xib in Resources */ = {isa = PBXBuildFile; fileRef = DBCF9590197CB9B8000ECE81 /* CradleHeadControllView.xib */; };
		DBCF9594197CE376000ECE81 /* CradleHead_Page2.m in Sources */ = {isa = PBXBuildFile; fileRef = DBCF9593197CE376000ECE81 /* CradleHead_Page2.m */; };
		DBD489421977CA3500532968 /* TTScrollSlidingPagesController.m in Sources */ = {isa = PBXBuildFile; fileRef = DBD489411977CA3500532968 /* TTScrollSlidingPagesController.m */; };
		DBD489451977D37900532968 /* ReceiverAndBindView.h in Headers */ = {isa = PBXBuildFile; fileRef = DBD489431977D37900532968 /* ReceiverAndBindView.h */; };
		DBD489461977D37900532968 /* ReceiverAndBindView.m in Sources */ = {isa = PBXBuildFile; fileRef = DBD489441977D37900532968 /* ReceiverAndBindView.m */; };
		DBD489481977D4AB00532968 /* ReceiverAndBindView.xib in Resources */ = {isa = PBXBuildFile; fileRef = DBD489471977D4AB00532968 /* ReceiverAndBindView.xib */; };
/* End PBXBuildFile section */

/* Begin PBXContainerItemProxy section */
		4DF8E4571974B98600023E2A /* PBXContainerItemProxy */ = {
			isa = PBXContainerItemProxy;
			containerPortal = 4DF8E4381974B98500023E2A /* Project object */;
			proxyType = 1;
			remoteGlobalIDString = 4DF8E43F1974B98500023E2A;
			remoteInfo = APSM;
		};
		4DF8E4B21974BA0E00023E2A /* PBXContainerItemProxy */ = {
			isa = PBXContainerItemProxy;
			containerPortal = 4DF8E4381974B98500023E2A /* Project object */;
			proxyType = 1;
			remoteGlobalIDString = 4DF8E4A51974BA0E00023E2A;
			remoteInfo = YumeKit;
		};
		4DF8E4B91974BA0E00023E2A /* PBXContainerItemProxy */ = {
			isa = PBXContainerItemProxy;
			containerPortal = 4DF8E4381974B98500023E2A /* Project object */;
			proxyType = 1;
			remoteGlobalIDString = 4DF8E4A51974BA0E00023E2A;
			remoteInfo = YumeKit;
		};
		4DF8E4BD1974BA0F00023E2A /* PBXContainerItemProxy */ = {
			isa = PBXContainerItemProxy;
			containerPortal = 4DF8E4381974B98500023E2A /* Project object */;
			proxyType = 1;
			remoteGlobalIDString = 4DF8E4A51974BA0E00023E2A;
			remoteInfo = YumeKit;
		};
		4DF8E4C61974BA0F00023E2A /* PBXContainerItemProxy */ = {
			isa = PBXContainerItemProxy;
			containerPortal = 4DF8E4381974B98500023E2A /* Project object */;
			proxyType = 1;
			remoteGlobalIDString = 4DF8E4A51974BA0E00023E2A;
			remoteInfo = YumeKit;
		};
/* End PBXContainerItemProxy section */

/* Begin PBXCopyFilesBuildPhase section */
		4DF8E4C21974BA0F00023E2A /* Embed Frameworks */ = {
			isa = PBXCopyFilesBuildPhase;
			buildActionMask = 2147483647;
			dstPath = "";
			dstSubfolderSpec = 10;
			files = (
				4DF8E4BC1974BA0E00023E2A /* YumeKit.framework in Embed Frameworks */,
			);
			name = "Embed Frameworks";
			runOnlyForDeploymentPostprocessing = 0;
		};
/* End PBXCopyFilesBuildPhase section */

/* Begin PBXFileReference section */
		4D4351161974D8CE0018D4F9 /* APSM_Page3.h */ = {isa = PBXFileReference; fileEncoding = 4; lastKnownFileType = sourcecode.c.h; path = APSM_Page3.h; sourceTree = "<group>"; };
		4D4351171974D8CE0018D4F9 /* APSM_Page3.m */ = {isa = PBXFileReference; fileEncoding = 4; lastKnownFileType = sourcecode.c.objc; path = APSM_Page3.m; sourceTree = "<group>"; };
		4D43513F19750D530018D4F9 /* APSM_Page2.h */ = {isa = PBXFileReference; fileEncoding = 4; lastKnownFileType = sourcecode.c.h; path = APSM_Page2.h; sourceTree = "<group>"; };
		4D43514019750D530018D4F9 /* APSM_Page2.m */ = {isa = PBXFileReference; fileEncoding = 4; lastKnownFileType = sourcecode.c.objc; path = APSM_Page2.m; sourceTree = "<group>"; };
		4D43516C19751A020018D4F9 /* wing4_1.jpg */ = {isa = PBXFileReference; lastKnownFileType = image.jpeg; path = wing4_1.jpg; sourceTree = "<group>"; };
		4D43516D19751A020018D4F9 /* wing4_2.jpg */ = {isa = PBXFileReference; lastKnownFileType = image.jpeg; path = wing4_2.jpg; sourceTree = "<group>"; };
		4D43516E19751A020018D4F9 /* wing6_1.jpg */ = {isa = PBXFileReference; lastKnownFileType = image.jpeg; path = wing6_1.jpg; sourceTree = "<group>"; };
		4D43516F19751A020018D4F9 /* wing6_2.jpg */ = {isa = PBXFileReference; lastKnownFileType = image.jpeg; path = wing6_2.jpg; sourceTree = "<group>"; };
		4D43517019751A020018D4F9 /* wing8_1.jpg */ = {isa = PBXFileReference; lastKnownFileType = image.jpeg; path = wing8_1.jpg; sourceTree = "<group>"; };
		4D43517119751A020018D4F9 /* wing8_2.jpg */ = {isa = PBXFileReference; lastKnownFileType = image.jpeg; path = wing8_2.jpg; sourceTree = "<group>"; };
		4D43E3031976205E00B7CA4F /* Page.h */ = {isa = PBXFileReference; fileEncoding = 4; lastKnownFileType = sourcecode.c.h; path = Page.h; sourceTree = "<group>"; };
		4D43E3041976205E00B7CA4F /* Page.m */ = {isa = PBXFileReference; fileEncoding = 4; lastKnownFileType = sourcecode.c.objc; path = Page.m; sourceTree = "<group>"; };
		4D43E308197629E800B7CA4F /* caution(60x60).png.png */ = {isa = PBXFileReference; lastKnownFileType = image.png; path = "caution(60x60).png.png"; sourceTree = "<group>"; };
		4D43E309197629E800B7CA4F /* link_g.png */ = {isa = PBXFileReference; lastKnownFileType = image.png; path = link_g.png; sourceTree = "<group>"; };
		4D43E30A197629E800B7CA4F /* link_r.png */ = {isa = PBXFileReference; lastKnownFileType = image.png; path = link_r.png; sourceTree = "<group>"; };
		4D43E30B197629E800B7CA4F /* phone_ConnectionStatus(64x64).png */ = {isa = PBXFileReference; lastKnownFileType = image.png; path = "phone_ConnectionStatus(64x64).png"; sourceTree = "<group>"; };
		4D43E30C197629E800B7CA4F /* phone_Menu_001(630x96).png */ = {isa = PBXFileReference; lastKnownFileType = image.png; path = "phone_Menu_001(630x96).png"; sourceTree = "<group>"; };
		4D43E30D197629E800B7CA4F /* phone_Menu_011(412x96).png */ = {isa = PBXFileReference; lastKnownFileType = image.png; path = "phone_Menu_011(412x96).png"; sourceTree = "<group>"; };
		4D43E30E197629E800B7CA4F /* phone_Menu_012(96x96).png */ = {isa = PBXFileReference; lastKnownFileType = image.png; path = "phone_Menu_012(96x96).png"; sourceTree = "<group>"; };
		4D43E30F197629E800B7CA4F /* phone_Menu_013(122x96).png */ = {isa = PBXFileReference; lastKnownFileType = image.png; path = "phone_Menu_013(122x96).png"; sourceTree = "<group>"; };
		4D43E31819762FB400B7CA4F /* phone_h_001(320x64).png */ = {isa = PBXFileReference; lastKnownFileType = image.png; path = "phone_h_001(320x64).png"; sourceTree = "<group>"; };
		4D43E31A197646EB00B7CA4F /* phone_Menu_021(218x96).png */ = {isa = PBXFileReference; lastKnownFileType = image.png; path = "phone_Menu_021(218x96).png"; sourceTree = "<group>"; };
		4D43E31B197646EB00B7CA4F /* phone_Menu_022(194x96).png */ = {isa = PBXFileReference; lastKnownFileType = image.png; path = "phone_Menu_022(194x96).png"; sourceTree = "<group>"; };
		4D43E31C197646EB00B7CA4F /* phone_Menu_023(218x96).png */ = {isa = PBXFileReference; lastKnownFileType = image.png; path = "phone_Menu_023(218x96).png"; sourceTree = "<group>"; };
		4D43E326197659FF00B7CA4F /* Base */ = {isa = PBXFileReference; lastKnownFileType = text.plist.strings; name = Base; path = Base.lproj/Localizable.strings; sourceTree = "<group>"; };
		4D43E32819765A0B00B7CA4F /* zh-Hant */ = {isa = PBXFileReference; lastKnownFileType = text.plist.strings; name = "zh-Hant"; path = "zh-Hant.lproj/Localizable.strings"; sourceTree = "<group>"; };
		4D43E32919765A1200B7CA4F /* zh-Hans */ = {isa = PBXFileReference; lastKnownFileType = text.plist.strings; name = "zh-Hans"; path = "zh-Hans.lproj/Localizable.strings"; sourceTree = "<group>"; };
		4D43E32A19765B7300B7CA4F /* Language.h */ = {isa = PBXFileReference; fileEncoding = 4; lastKnownFileType = sourcecode.c.h; path = Language.h; sourceTree = "<group>"; };
		4D43E32B19765B7300B7CA4F /* Language.m */ = {isa = PBXFileReference; fileEncoding = 4; lastKnownFileType = sourcecode.c.objc; path = Language.m; sourceTree = "<group>"; };
		4D43E32D19765EB200B7CA4F /* en */ = {isa = PBXFileReference; lastKnownFileType = text.plist.strings; name = en; path = en.lproj/Localizable.strings; sourceTree = "<group>"; };
		4D43E32E19765FF100B7CA4F /* Pages.h */ = {isa = PBXFileReference; fileEncoding = 4; lastKnownFileType = sourcecode.c.h; name = Pages.h; path = APSM_Page/Pages.h; sourceTree = "<group>"; };
		4D43E32F19765FF100B7CA4F /* Pages.m */ = {isa = PBXFileReference; fileEncoding = 4; lastKnownFileType = sourcecode.c.objc; name = Pages.m; path = APSM_Page/Pages.m; sourceTree = "<group>"; };
		4D6BED23197A596900F6B545 /* ViewSource.h */ = {isa = PBXFileReference; fileEncoding = 4; lastKnownFileType = sourcecode.c.h; path = ViewSource.h; sourceTree = "<group>"; };
		4D6BED24197A596900F6B545 /* ViewSource.m */ = {isa = PBXFileReference; fileEncoding = 4; lastKnownFileType = sourcecode.c.objc; path = ViewSource.m; sourceTree = "<group>"; };
		4DC05E531974C82E0011B415 /* NSMutableArray+SWUtilityButtons.h */ = {isa = PBXFileReference; fileEncoding = 4; lastKnownFileType = sourcecode.c.h; path = "NSMutableArray+SWUtilityButtons.h"; sourceTree = "<group>"; };
		4DC05E541974C82E0011B415 /* NSMutableArray+SWUtilityButtons.m */ = {isa = PBXFileReference; fileEncoding = 4; lastKnownFileType = sourcecode.c.objc; path = "NSMutableArray+SWUtilityButtons.m"; sourceTree = "<group>"; };
		4DC05E551974C82E0011B415 /* SWCellScrollView.h */ = {isa = PBXFileReference; fileEncoding = 4; lastKnownFileType = sourcecode.c.h; path = SWCellScrollView.h; sourceTree = "<group>"; };
		4DC05E561974C82E0011B415 /* SWCellScrollView.m */ = {isa = PBXFileReference; fileEncoding = 4; lastKnownFileType = sourcecode.c.objc; path = SWCellScrollView.m; sourceTree = "<group>"; };
		4DC05E571974C82E0011B415 /* SWLongPressGestureRecognizer.h */ = {isa = PBXFileReference; fileEncoding = 4; lastKnownFileType = sourcecode.c.h; path = SWLongPressGestureRecognizer.h; sourceTree = "<group>"; };
		4DC05E581974C82E0011B415 /* SWLongPressGestureRecognizer.m */ = {isa = PBXFileReference; fileEncoding = 4; lastKnownFileType = sourcecode.c.objc; path = SWLongPressGestureRecognizer.m; sourceTree = "<group>"; };
		4DC05E591974C82E0011B415 /* SWTableViewCell.h */ = {isa = PBXFileReference; fileEncoding = 4; lastKnownFileType = sourcecode.c.h; path = SWTableViewCell.h; sourceTree = "<group>"; };
		4DC05E5A1974C82E0011B415 /* SWTableViewCell.m */ = {isa = PBXFileReference; fileEncoding = 4; lastKnownFileType = sourcecode.c.objc; path = SWTableViewCell.m; sourceTree = "<group>"; };
		4DC05E5B1974C82E0011B415 /* SWUtilityButtonTapGestureRecognizer.h */ = {isa = PBXFileReference; fileEncoding = 4; lastKnownFileType = sourcecode.c.h; path = SWUtilityButtonTapGestureRecognizer.h; sourceTree = "<group>"; };
		4DC05E5C1974C82E0011B415 /* SWUtilityButtonTapGestureRecognizer.m */ = {isa = PBXFileReference; fileEncoding = 4; lastKnownFileType = sourcecode.c.objc; path = SWUtilityButtonTapGestureRecognizer.m; sourceTree = "<group>"; };
		4DC05E5D1974C82E0011B415 /* SWUtilityButtonView.h */ = {isa = PBXFileReference; fileEncoding = 4; lastKnownFileType = sourcecode.c.h; path = SWUtilityButtonView.h; sourceTree = "<group>"; };
		4DC05E5E1974C82E0011B415 /* SWUtilityButtonView.m */ = {isa = PBXFileReference; fileEncoding = 4; lastKnownFileType = sourcecode.c.objc; path = SWUtilityButtonView.m; sourceTree = "<group>"; };
		4DC05E671974C82E0011B415 /* pic_Blade-Direction_001(172x172).png */ = {isa = PBXFileReference; lastKnownFileType = image.png; path = "pic_Blade-Direction_001(172x172).png"; sourceTree = "<group>"; };
		4DC05E681974C82E0011B415 /* pic_Blade-Direction_002(172x172).png */ = {isa = PBXFileReference; lastKnownFileType = image.png; path = "pic_Blade-Direction_002(172x172).png"; sourceTree = "<group>"; };
		4DC05E691974C82E0011B415 /* pic_pitdirection_001(172x172).png */ = {isa = PBXFileReference; lastKnownFileType = image.png; path = "pic_pitdirection_001(172x172).png"; sourceTree = "<group>"; };
		4DC05E6A1974C82E0011B415 /* pic_pitdirection_002(172x172).png */ = {isa = PBXFileReference; lastKnownFileType = image.png; path = "pic_pitdirection_002(172x172).png"; sourceTree = "<group>"; };
		4DC05E6B1974C82E0011B415 /* TemplateView1.h */ = {isa = PBXFileReference; fileEncoding = 4; lastKnownFileType = sourcecode.c.h; path = TemplateView1.h; sourceTree = "<group>"; };
		4DC05E6C1974C82E0011B415 /* TemplateView1.m */ = {isa = PBXFileReference; fileEncoding = 4; lastKnownFileType = sourcecode.c.objc; path = TemplateView1.m; sourceTree = "<group>"; };
		4DC05E6D1974C82E0011B415 /* TemplateView1.xib */ = {isa = PBXFileReference; fileEncoding = 4; lastKnownFileType = file.xib; path = TemplateView1.xib; sourceTree = "<group>"; };
		4DC05E6E1974C82E0011B415 /* TemplateView2.h */ = {isa = PBXFileReference; fileEncoding = 4; lastKnownFileType = sourcecode.c.h; path = TemplateView2.h; sourceTree = "<group>"; };
		4DC05E6F1974C82E0011B415 /* TemplateView2.m */ = {isa = PBXFileReference; fileEncoding = 4; lastKnownFileType = sourcecode.c.objc; path = TemplateView2.m; sourceTree = "<group>"; };
		4DC05E701974C82E0011B415 /* TemplateView2.xib */ = {isa = PBXFileReference; fileEncoding = 4; lastKnownFileType = file.xib; path = TemplateView2.xib; sourceTree = "<group>"; };
		4DC05E851974C82E0011B415 /* YumeKit-Prefix.pch */ = {isa = PBXFileReference; fileEncoding = 4; lastKnownFileType = sourcecode.c.h; path = "YumeKit-Prefix.pch"; sourceTree = "<group>"; };
		4DDB13801974C8F900045C40 /* Foundation.framework */ = {isa = PBXFileReference; lastKnownFileType = wrapper.framework; name = Foundation.framework; path = System/Library/Frameworks/Foundation.framework; sourceTree = SDKROOT; };
		4DDB13821974C93200045C40 /* APSM-Prefix.pch */ = {isa = PBXFileReference; fileEncoding = 4; lastKnownFileType = sourcecode.c.h; path = "APSM-Prefix.pch"; sourceTree = "<group>"; };
		4DF8E4401974B98500023E2A /* APSM.app */ = {isa = PBXFileReference; explicitFileType = wrapper.application; includeInIndex = 0; path = APSM.app; sourceTree = BUILT_PRODUCTS_DIR; };
		4DF8E4441974B98500023E2A /* Info.plist */ = {isa = PBXFileReference; lastKnownFileType = text.plist.xml; path = Info.plist; sourceTree = "<group>"; };
		4DF8E4451974B98500023E2A /* main.m */ = {isa = PBXFileReference; lastKnownFileType = sourcecode.c.objc; path = main.m; sourceTree = "<group>"; };
		4DF8E4471974B98500023E2A /* AppDelegate.h */ = {isa = PBXFileReference; lastKnownFileType = sourcecode.c.h; path = AppDelegate.h; sourceTree = "<group>"; };
		4DF8E4481974B98500023E2A /* AppDelegate.m */ = {isa = PBXFileReference; lastKnownFileType = sourcecode.c.objc; path = AppDelegate.m; sourceTree = "<group>"; };
		4DF8E44E1974B98500023E2A /* Base */ = {isa = PBXFileReference; lastKnownFileType = file.storyboard; name = Base; path = Base.lproj/Main.storyboard; sourceTree = "<group>"; };
		4DF8E4501974B98500023E2A /* Images.xcassets */ = {isa = PBXFileReference; lastKnownFileType = folder.assetcatalog; path = Images.xcassets; sourceTree = "<group>"; };
		4DF8E4561974B98600023E2A /* APSMTests.xctest */ = {isa = PBXFileReference; explicitFileType = wrapper.cfbundle; includeInIndex = 0; path = APSMTests.xctest; sourceTree = BUILT_PRODUCTS_DIR; };
		4DF8E45B1974B98600023E2A /* Info.plist */ = {isa = PBXFileReference; lastKnownFileType = text.plist.xml; path = Info.plist; sourceTree = "<group>"; };
		4DF8E45C1974B98600023E2A /* APSMTests.m */ = {isa = PBXFileReference; lastKnownFileType = sourcecode.c.objc; path = APSMTests.m; sourceTree = "<group>"; };
		4DF8E4671974BA0000023E2A /* APSM_Page1.h */ = {isa = PBXFileReference; fileEncoding = 4; lastKnownFileType = sourcecode.c.h; path = APSM_Page1.h; sourceTree = "<group>"; };
		4DF8E4681974BA0000023E2A /* APSM_Page1.m */ = {isa = PBXFileReference; fileEncoding = 4; lastKnownFileType = sourcecode.c.objc; path = APSM_Page1.m; sourceTree = "<group>"; };
		4DF8E46C1974BA0000023E2A /* NIDropDown.h */ = {isa = PBXFileReference; fileEncoding = 4; lastKnownFileType = sourcecode.c.h; path = NIDropDown.h; sourceTree = "<group>"; };
		4DF8E46D1974BA0000023E2A /* NIDropDown.m */ = {isa = PBXFileReference; fileEncoding = 4; lastKnownFileType = sourcecode.c.objc; path = NIDropDown.m; sourceTree = "<group>"; };
		4DF8E46E1974BA0000023E2A /* HomeViewController.h */ = {isa = PBXFileReference; fileEncoding = 4; lastKnownFileType = sourcecode.c.h; path = HomeViewController.h; sourceTree = "<group>"; };
		4DF8E46F1974BA0000023E2A /* HomeViewController.m */ = {isa = PBXFileReference; fileEncoding = 4; lastKnownFileType = sourcecode.c.objc; path = HomeViewController.m; sourceTree = "<group>"; };
		4DF8E4711974BA0000023E2A /* 112.png */ = {isa = PBXFileReference; lastKnownFileType = image.png; path = 112.png; sourceTree = "<group>"; };
		4DF8E4721974BA0000023E2A /* 223.png */ = {isa = PBXFileReference; lastKnownFileType = image.png; path = 223.png; sourceTree = "<group>"; };
		4DF8E4731974BA0000023E2A /* home(32x32).png */ = {isa = PBXFileReference; lastKnownFileType = image.png; path = "home(32x32).png"; sourceTree = "<group>"; };
		4DF8E4741974BA0000023E2A /* Icon.png */ = {isa = PBXFileReference; lastKnownFileType = image.png; path = Icon.png; sourceTree = "<group>"; };
		4DF8E4751974BA0000023E2A /* menu_background.png(296x36).png */ = {isa = PBXFileReference; lastKnownFileType = image.png; path = "menu_background.png(296x36).png"; sourceTree = "<group>"; };
		4DF8E4761974BA0000023E2A /* phone_h_icon(44x44).png */ = {isa = PBXFileReference; lastKnownFileType = image.png; path = "phone_h_icon(44x44).png"; sourceTree = "<group>"; };
		4DF8E4771974BA0000023E2A /* phone_Menu_031(218x96).png */ = {isa = PBXFileReference; lastKnownFileType = image.png; path = "phone_Menu_031(218x96).png"; sourceTree = "<group>"; };
		4DF8E4781974BA0000023E2A /* phone_Menu_032(194x96).png */ = {isa = PBXFileReference; lastKnownFileType = image.png; path = "phone_Menu_032(194x96).png"; sourceTree = "<group>"; };
		4DF8E4791974BA0000023E2A /* phone_Menu_033(218x96).png */ = {isa = PBXFileReference; lastKnownFileType = image.png; path = "phone_Menu_033(218x96).png"; sourceTree = "<group>"; };
		4DF8E47A1974BA0000023E2A /* phone_page00(640).jpg */ = {isa = PBXFileReference; lastKnownFileType = image.jpeg; path = "phone_page00(640).jpg"; sourceTree = "<group>"; };
		4DF8E47B1974BA0000023E2A /* window_background.png(1008x642).png */ = {isa = PBXFileReference; lastKnownFileType = image.png; path = "window_background.png(1008x642).png"; sourceTree = "<group>"; };
		4DF8E47C1974BA0000023E2A /* LicensePageViewController.h */ = {isa = PBXFileReference; fileEncoding = 4; lastKnownFileType = sourcecode.c.h; path = LicensePageViewController.h; sourceTree = "<group>"; };
		4DF8E47D1974BA0000023E2A /* LicensePageViewController.m */ = {isa = PBXFileReference; fileEncoding = 4; lastKnownFileType = sourcecode.c.objc; path = LicensePageViewController.m; sourceTree = "<group>"; };
		4DF8E47F1974BA0000023E2A /* TTBlackTriangle.h */ = {isa = PBXFileReference; fileEncoding = 4; lastKnownFileType = sourcecode.c.h; path = TTBlackTriangle.h; sourceTree = "<group>"; };
		4DF8E4801974BA0000023E2A /* TTBlackTriangle.m */ = {isa = PBXFileReference; fileEncoding = 4; lastKnownFileType = sourcecode.c.objc; path = TTBlackTriangle.m; sourceTree = "<group>"; };
		4DF8E4811974BA0000023E2A /* TTScrollSlidingPagesController.h */ = {isa = PBXFileReference; fileEncoding = 4; lastKnownFileType = sourcecode.c.h; path = TTScrollSlidingPagesController.h; sourceTree = "<group>"; };
		4DF8E4831974BA0000023E2A /* TTScrollViewWrapper.h */ = {isa = PBXFileReference; fileEncoding = 4; lastKnownFileType = sourcecode.c.h; path = TTScrollViewWrapper.h; sourceTree = "<group>"; };
		4DF8E4841974BA0000023E2A /* TTScrollViewWrapper.m */ = {isa = PBXFileReference; fileEncoding = 4; lastKnownFileType = sourcecode.c.objc; path = TTScrollViewWrapper.m; sourceTree = "<group>"; };
		4DF8E4851974BA0000023E2A /* TTSliddingPageDelegate.h */ = {isa = PBXFileReference; fileEncoding = 4; lastKnownFileType = sourcecode.c.h; path = TTSliddingPageDelegate.h; sourceTree = "<group>"; };
		4DF8E4861974BA0000023E2A /* TTSlidingPage.h */ = {isa = PBXFileReference; fileEncoding = 4; lastKnownFileType = sourcecode.c.h; path = TTSlidingPage.h; sourceTree = "<group>"; };
		4DF8E4871974BA0000023E2A /* TTSlidingPage.m */ = {isa = PBXFileReference; fileEncoding = 4; lastKnownFileType = sourcecode.c.objc; path = TTSlidingPage.m; sourceTree = "<group>"; };
		4DF8E4881974BA0000023E2A /* TTSlidingPagesDataSource.h */ = {isa = PBXFileReference; fileEncoding = 4; lastKnownFileType = sourcecode.c.h; path = TTSlidingPagesDataSource.h; sourceTree = "<group>"; };
		4DF8E4891974BA0000023E2A /* TTSlidingPageTitle.h */ = {isa = PBXFileReference; fileEncoding = 4; lastKnownFileType = sourcecode.c.h; path = TTSlidingPageTitle.h; sourceTree = "<group>"; };
		4DF8E48A1974BA0000023E2A /* TTSlidingPageTitle.m */ = {isa = PBXFileReference; fileEncoding = 4; lastKnownFileType = sourcecode.c.objc; path = TTSlidingPageTitle.m; sourceTree = "<group>"; };
		4DF8E48B1974BA0000023E2A /* TTUIScrollViewSlidingPages.h */ = {isa = PBXFileReference; fileEncoding = 4; lastKnownFileType = sourcecode.c.h; path = TTUIScrollViewSlidingPages.h; sourceTree = "<group>"; };
		4DF8E4A61974BA0E00023E2A /* YumeKit.framework */ = {isa = PBXFileReference; explicitFileType = wrapper.framework; includeInIndex = 0; path = YumeKit.framework; sourceTree = BUILT_PRODUCTS_DIR; };
		4DF8E4A91974BA0E00023E2A /* Info.plist */ = {isa = PBXFileReference; lastKnownFileType = text.plist.xml; path = Info.plist; sourceTree = "<group>"; };
		4DF8E4AA1974BA0E00023E2A /* YumeKit.h */ = {isa = PBXFileReference; lastKnownFileType = sourcecode.c.h; path = YumeKit.h; sourceTree = "<group>"; };
		4DF8E4B01974BA0E00023E2A /* YumeKitTests.xctest */ = {isa = PBXFileReference; explicitFileType = wrapper.cfbundle; includeInIndex = 0; path = YumeKitTests.xctest; sourceTree = BUILT_PRODUCTS_DIR; };
		4DF8E4B61974BA0E00023E2A /* Info.plist */ = {isa = PBXFileReference; lastKnownFileType = text.plist.xml; path = Info.plist; sourceTree = "<group>"; };
		4DF8E4B71974BA0E00023E2A /* YumeKitTests.m */ = {isa = PBXFileReference; lastKnownFileType = sourcecode.c.objc; path = YumeKitTests.m; sourceTree = "<group>"; };
		DB0E56A4197A21A8006D471C /* arrow(560x100).png */ = {isa = PBXFileReference; lastKnownFileType = image.png; path = "arrow(560x100).png"; sourceTree = "<group>"; };
		DB0E56A5197A21A8006D471C /* slider_track(240x10).png */ = {isa = PBXFileReference; lastKnownFileType = image.png; path = "slider_track(240x10).png"; sourceTree = "<group>"; };
		DB0E56A6197A21A8006D471C /* slider.png */ = {isa = PBXFileReference; lastKnownFileType = image.png; path = slider.png; sourceTree = "<group>"; };
		DB8D1C8E1978E7C900FC88BA /* TransmitterRadioView.h */ = {isa = PBXFileReference; fileEncoding = 4; lastKnownFileType = sourcecode.c.h; path = TransmitterRadioView.h; sourceTree = "<group>"; };
		DB8D1C8F1978E7C900FC88BA /* TransmitterRadioView.m */ = {isa = PBXFileReference; fileEncoding = 4; lastKnownFileType = sourcecode.c.objc; path = TransmitterRadioView.m; sourceTree = "<group>"; };
		DB8D1C921978E81800FC88BA /* TransmitterRadioView.xib */ = {isa = PBXFileReference; fileEncoding = 4; lastKnownFileType = file.xib; path = TransmitterRadioView.xib; sourceTree = "<group>"; };
		DB9437A819790B9800AA2AE8 /* MCUPacketDevice.h */ = {isa = PBXFileReference; fileEncoding = 4; lastKnownFileType = sourcecode.c.h; path = MCUPacketDevice.h; sourceTree = "<group>"; };
		DB9437A919790B9800AA2AE8 /* VerticalUILabel.h */ = {isa = PBXFileReference; fileEncoding = 4; lastKnownFileType = sourcecode.c.h; path = VerticalUILabel.h; sourceTree = "<group>"; };
		DB9437AA19790B9800AA2AE8 /* VerticalUILabel.m */ = {isa = PBXFileReference; fileEncoding = 4; lastKnownFileType = sourcecode.c.objc; path = VerticalUILabel.m; sourceTree = "<group>"; };
		DB9437AB19790B9800AA2AE8 /* yumeBTLERemoteController.h */ = {isa = PBXFileReference; fileEncoding = 4; lastKnownFileType = sourcecode.c.h; path = yumeBTLERemoteController.h; sourceTree = "<group>"; };
		DB9437AC19790B9800AA2AE8 /* yumeBTLERemoteController.m */ = {isa = PBXFileReference; fileEncoding = 4; lastKnownFileType = sourcecode.c.objc; path = yumeBTLERemoteController.m; sourceTree = "<group>"; };
		DB9437AD19790B9800AA2AE8 /* yumeDeviceListAlertTableView.h */ = {isa = PBXFileReference; fileEncoding = 4; lastKnownFileType = sourcecode.c.h; path = yumeDeviceListAlertTableView.h; sourceTree = "<group>"; };
		DB9437AE19790B9800AA2AE8 /* yumeDeviceListAlertTableView.m */ = {isa = PBXFileReference; fileEncoding = 4; lastKnownFileType = sourcecode.c.objc; path = yumeDeviceListAlertTableView.m; sourceTree = "<group>"; };
		DB9437AF19790B9800AA2AE8 /* yumeLanguage.h */ = {isa = PBXFileReference; fileEncoding = 4; lastKnownFileType = sourcecode.c.h; path = yumeLanguage.h; sourceTree = "<group>"; };
		DB9437B019790B9800AA2AE8 /* yumeLanguage.m */ = {isa = PBXFileReference; fileEncoding = 4; lastKnownFileType = sourcecode.c.objc; path = yumeLanguage.m; sourceTree = "<group>"; };
		DB9437B119790B9800AA2AE8 /* yumeRCPDRemoteControllerParameterData.h */ = {isa = PBXFileReference; fileEncoding = 4; lastKnownFileType = sourcecode.c.h; path = yumeRCPDRemoteControllerParameterData.h; sourceTree = "<group>"; };
		DB9437B219790B9800AA2AE8 /* yumeRCPDRemoteControllerParameterData.m */ = {isa = PBXFileReference; fileEncoding = 4; lastKnownFileType = sourcecode.c.objc; path = yumeRCPDRemoteControllerParameterData.m; sourceTree = "<group>"; };
		DB9437B319790B9800AA2AE8 /* yumeRCPRemoteControllerParameter.h */ = {isa = PBXFileReference; fileEncoding = 4; lastKnownFileType = sourcecode.c.h; path = yumeRCPRemoteControllerParameter.h; sourceTree = "<group>"; };
		DB9437B419790B9800AA2AE8 /* yumeRCPRemoteControllerParameter.m */ = {isa = PBXFileReference; fileEncoding = 4; lastKnownFileType = sourcecode.c.objc; path = yumeRCPRemoteControllerParameter.m; sourceTree = "<group>"; };
		DB9437B519790B9800AA2AE8 /* yumeRCPRemoteControllerRadio.h */ = {isa = PBXFileReference; fileEncoding = 4; lastKnownFileType = sourcecode.c.h; path = yumeRCPRemoteControllerRadio.h; sourceTree = "<group>"; };
		DB9437B619790B9800AA2AE8 /* yumeRCPRemoteControllerRadio.m */ = {isa = PBXFileReference; fileEncoding = 4; lastKnownFileType = sourcecode.c.objc; path = yumeRCPRemoteControllerRadio.m; sourceTree = "<group>"; };
		DB9437B719790B9800AA2AE8 /* yumeRCRDRemoteControllerRadioData.h */ = {isa = PBXFileReference; fileEncoding = 4; lastKnownFileType = sourcecode.c.h; path = yumeRCRDRemoteControllerRadioData.h; sourceTree = "<group>"; };
		DB9437B819790B9800AA2AE8 /* yumeRCRDRemoteControllerRadioData.m */ = {isa = PBXFileReference; fileEncoding = 4; lastKnownFileType = sourcecode.c.objc; path = yumeRCRDRemoteControllerRadioData.m; sourceTree = "<group>"; };
		DB9437B919790B9800AA2AE8 /* yumeRemoteControllerDeviceProtocol.h */ = {isa = PBXFileReference; fileEncoding = 4; lastKnownFileType = sourcecode.c.h; path = yumeRemoteControllerDeviceProtocol.h; sourceTree = "<group>"; };
		DB9437BA19790B9800AA2AE8 /* yumeRemoteControllerDeviceProtocol.m */ = {isa = PBXFileReference; fileEncoding = 4; lastKnownFileType = sourcecode.c.objc; path = yumeRemoteControllerDeviceProtocol.m; sourceTree = "<group>"; };
		DB9437CE19790DBC00AA2AE8 /* APSMViewController.h */ = {isa = PBXFileReference; fileEncoding = 4; lastKnownFileType = sourcecode.c.h; path = APSMViewController.h; sourceTree = "<group>"; };
		DB9437CF19790DBC00AA2AE8 /* APSMViewController.m */ = {isa = PBXFileReference; fileEncoding = 4; lastKnownFileType = sourcecode.c.objc; path = APSMViewController.m; sourceTree = "<group>"; };
		DB9B36EB197A4739005B0021 /* OSD_Page1.h */ = {isa = PBXFileReference; fileEncoding = 4; lastKnownFileType = sourcecode.c.h; path = OSD_Page1.h; sourceTree = "<group>"; };
		DB9B36EC197A4739005B0021 /* OSD_Page1.m */ = {isa = PBXFileReference; fileEncoding = 4; lastKnownFileType = sourcecode.c.objc; path = OSD_Page1.m; sourceTree = "<group>"; };
		DB9B36EE197A49B3005B0021 /* LabelAndSegment.h */ = {isa = PBXFileReference; fileEncoding = 4; lastKnownFileType = sourcecode.c.h; path = LabelAndSegment.h; sourceTree = "<group>"; };
		DB9B36EF197A49B3005B0021 /* LabelAndSegment.m */ = {isa = PBXFileReference; fileEncoding = 4; lastKnownFileType = sourcecode.c.objc; path = LabelAndSegment.m; sourceTree = "<group>"; };
		DB9B36F2197A4B38005B0021 /* LabelAndSegment.xib */ = {isa = PBXFileReference; fileEncoding = 4; lastKnownFileType = file.xib; path = LabelAndSegment.xib; sourceTree = "<group>"; };
		DB9B36F4197A58CD005B0021 /* AngleOfVisibilityView.h */ = {isa = PBXFileReference; fileEncoding = 4; lastKnownFileType = sourcecode.c.h; path = AngleOfVisibilityView.h; sourceTree = "<group>"; };
		DB9B36F5197A58CD005B0021 /* AngleOfVisibilityView.m */ = {isa = PBXFileReference; fileEncoding = 4; lastKnownFileType = sourcecode.c.objc; path = AngleOfVisibilityView.m; sourceTree = "<group>"; };
		DB9B36F8197A5A72005B0021 /* AngleOfVisibilityView.xib */ = {isa = PBXFileReference; fileEncoding = 4; lastKnownFileType = file.xib; path = AngleOfVisibilityView.xib; sourceTree = "<group>"; };
		DBAB59D9197A1845008E770A /* SegmentAndSlider.h */ = {isa = PBXFileReference; fileEncoding = 4; lastKnownFileType = sourcecode.c.h; path = SegmentAndSlider.h; sourceTree = "<group>"; };
		DBAB59DA197A1845008E770A /* SegmentAndSlider.m */ = {isa = PBXFileReference; fileEncoding = 4; lastKnownFileType = sourcecode.c.objc; path = SegmentAndSlider.m; sourceTree = "<group>"; };
		DBAB59DB197A1845008E770A /* SegmentAndSlider.xib */ = {isa = PBXFileReference; fileEncoding = 4; lastKnownFileType = file.xib; path = SegmentAndSlider.xib; sourceTree = "<group>"; };
		DBBF4B421978A8D700665F99 /* page_buttombackground(1008x64).png */ = {isa = PBXFileReference; lastKnownFileType = image.png; path = "page_buttombackground(1008x64).png"; sourceTree = "<group>"; };
		DBC6109C1978FC980003EC11 /* BlankView.h */ = {isa = PBXFileReference; fileEncoding = 4; lastKnownFileType = sourcecode.c.h; path = BlankView.h; sourceTree = "<group>"; };
		DBC6109D1978FC980003EC11 /* BlankView.m */ = {isa = PBXFileReference; fileEncoding = 4; lastKnownFileType = sourcecode.c.objc; path = BlankView.m; sourceTree = "<group>"; };
		DBC610A0197909950003EC11 /* UITextField+Yume.h */ = {isa = PBXFileReference; fileEncoding = 4; lastKnownFileType = sourcecode.c.h; path = "UITextField+Yume.h"; sourceTree = "<group>"; };
		DBC610A1197909950003EC11 /* UITextField+Yume.m */ = {isa = PBXFileReference; fileEncoding = 4; lastKnownFileType = sourcecode.c.objc; path = "UITextField+Yume.m"; sourceTree = "<group>"; };
		DBC610A2197909950003EC11 /* yumeImageButtonsView.h */ = {isa = PBXFileReference; fileEncoding = 4; lastKnownFileType = sourcecode.c.h; path = yumeImageButtonsView.h; sourceTree = "<group>"; };
		DBC610A3197909950003EC11 /* yumeImageButtonsView.m */ = {isa = PBXFileReference; fileEncoding = 4; lastKnownFileType = sourcecode.c.objc; path = yumeImageButtonsView.m; sourceTree = "<group>"; };
		DBC610A4197909950003EC11 /* yumeImageButtonsView.xib */ = {isa = PBXFileReference; fileEncoding = 4; lastKnownFileType = file.xib; path = yumeImageButtonsView.xib; sourceTree = "<group>"; };
		DBC610A5197909950003EC11 /* yumeSensitivityView.h */ = {isa = PBXFileReference; fileEncoding = 4; lastKnownFileType = sourcecode.c.h; path = yumeSensitivityView.h; sourceTree = "<group>"; };
		DBC610A6197909950003EC11 /* yumeSensitivityView.m */ = {isa = PBXFileReference; fileEncoding = 4; lastKnownFileType = sourcecode.c.objc; path = yumeSensitivityView.m; sourceTree = "<group>"; };
		DBC610A7197909950003EC11 /* yumeSensitivityView.xib */ = {isa = PBXFileReference; fileEncoding = 4; lastKnownFileType = file.xib; path = yumeSensitivityView.xib; sourceTree = "<group>"; };
		DBC610A8197909950003EC11 /* yumeSwicthAndVoltageView.h */ = {isa = PBXFileReference; fileEncoding = 4; lastKnownFileType = sourcecode.c.h; path = yumeSwicthAndVoltageView.h; sourceTree = "<group>"; };
		DBC610A9197909950003EC11 /* yumeSwicthAndVoltageView.m */ = {isa = PBXFileReference; fileEncoding = 4; lastKnownFileType = sourcecode.c.objc; path = yumeSwicthAndVoltageView.m; sourceTree = "<group>"; };
		DBC610AA197909950003EC11 /* yumeSwicthAndVoltageView.xib */ = {isa = PBXFileReference; fileEncoding = 4; lastKnownFileType = file.xib; path = yumeSwicthAndVoltageView.xib; sourceTree = "<group>"; };
		DBC610AB197909950003EC11 /* yumeXYZView.h */ = {isa = PBXFileReference; fileEncoding = 4; lastKnownFileType = sourcecode.c.h; path = yumeXYZView.h; sourceTree = "<group>"; };
		DBC610AC197909950003EC11 /* yumeXYZView.m */ = {isa = PBXFileReference; fileEncoding = 4; lastKnownFileType = sourcecode.c.objc; path = yumeXYZView.m; sourceTree = "<group>"; };
		DBC610AD197909950003EC11 /* yumeXYZView.xib */ = {isa = PBXFileReference; fileEncoding = 4; lastKnownFileType = file.xib; path = yumeXYZView.xib; sourceTree = "<group>"; };
		DBCF9589197CA8BF000ECE81 /* CradleHead_Page1.h */ = {isa = PBXFileReference; fileEncoding = 4; lastKnownFileType = sourcecode.c.h; path = CradleHead_Page1.h; sourceTree = "<group>"; };
		DBCF958A197CA8BF000ECE81 /* CradleHead_Page1.m */ = {isa = PBXFileReference; fileEncoding = 4; lastKnownFileType = sourcecode.c.objc; path = CradleHead_Page1.m; sourceTree = "<group>"; };
		DBCF958C197CB914000ECE81 /* CradleHeadControllView.h */ = {isa = PBXFileReference; fileEncoding = 4; lastKnownFileType = sourcecode.c.h; path = CradleHeadControllView.h; sourceTree = "<group>"; };
		DBCF958D197CB914000ECE81 /* CradleHeadControllView.m */ = {isa = PBXFileReference; fileEncoding = 4; lastKnownFileType = sourcecode.c.objc; path = CradleHeadControllView.m; sourceTree = "<group>"; };
		DBCF9590197CB9B8000ECE81 /* CradleHeadControllView.xib */ = {isa = PBXFileReference; fileEncoding = 4; lastKnownFileType = file.xib; path = CradleHeadControllView.xib; sourceTree = "<group>"; };
		DBCF9592197CE376000ECE81 /* CradleHead_Page2.h */ = {isa = PBXFileReference; fileEncoding = 4; lastKnownFileType = sourcecode.c.h; path = CradleHead_Page2.h; sourceTree = "<group>"; };
		DBCF9593197CE376000ECE81 /* CradleHead_Page2.m */ = {isa = PBXFileReference; fileEncoding = 4; lastKnownFileType = sourcecode.c.objc; path = CradleHead_Page2.m; sourceTree = "<group>"; };
		DBD489411977CA3500532968 /* TTScrollSlidingPagesController.m */ = {isa = PBXFileReference; fileEncoding = 4; lastKnownFileType = sourcecode.c.objc; path = TTScrollSlidingPagesController.m; sourceTree = "<group>"; };
		DBD489431977D37900532968 /* ReceiverAndBindView.h */ = {isa = PBXFileReference; fileEncoding = 4; lastKnownFileType = sourcecode.c.h; path = ReceiverAndBindView.h; sourceTree = "<group>"; };
		DBD489441977D37900532968 /* ReceiverAndBindView.m */ = {isa = PBXFileReference; fileEncoding = 4; lastKnownFileType = sourcecode.c.objc; path = ReceiverAndBindView.m; sourceTree = "<group>"; };
		DBD489471977D4AB00532968 /* ReceiverAndBindView.xib */ = {isa = PBXFileReference; fileEncoding = 4; lastKnownFileType = file.xib; path = ReceiverAndBindView.xib; sourceTree = "<group>"; };
/* End PBXFileReference section */

/* Begin PBXFrameworksBuildPhase section */
		4DF8E43D1974B98500023E2A /* Frameworks */ = {
			isa = PBXFrameworksBuildPhase;
			buildActionMask = 2147483647;
			files = (
				4DF8E4BB1974BA0E00023E2A /* YumeKit.framework in Frameworks */,
			);
			runOnlyForDeploymentPostprocessing = 0;
		};
		4DF8E4531974B98600023E2A /* Frameworks */ = {
			isa = PBXFrameworksBuildPhase;
			buildActionMask = 2147483647;
			files = (
			);
			runOnlyForDeploymentPostprocessing = 0;
		};
		4DF8E4A21974BA0E00023E2A /* Frameworks */ = {
			isa = PBXFrameworksBuildPhase;
			buildActionMask = 2147483647;
			files = (
				4DDB13811974C8F900045C40 /* Foundation.framework in Frameworks */,
			);
			runOnlyForDeploymentPostprocessing = 0;
		};
		4DF8E4AD1974BA0E00023E2A /* Frameworks */ = {
			isa = PBXFrameworksBuildPhase;
			buildActionMask = 2147483647;
			files = (
				4DF8E4B11974BA0E00023E2A /* YumeKit.framework in Frameworks */,
			);
			runOnlyForDeploymentPostprocessing = 0;
		};
/* End PBXFrameworksBuildPhase section */

/* Begin PBXGroup section */
		4D435144197511E90018D4F9 /* TemplateView */ = {
			isa = PBXGroup;
			children = (
				DBC6109C1978FC980003EC11 /* BlankView.h */,
				DBC6109D1978FC980003EC11 /* BlankView.m */,
				DBD489431977D37900532968 /* ReceiverAndBindView.h */,
				DBD489441977D37900532968 /* ReceiverAndBindView.m */,
				DBD489471977D4AB00532968 /* ReceiverAndBindView.xib */,
				DB8D1C8E1978E7C900FC88BA /* TransmitterRadioView.h */,
				DB8D1C8F1978E7C900FC88BA /* TransmitterRadioView.m */,
				DB8D1C921978E81800FC88BA /* TransmitterRadioView.xib */,
				DBAB59D9197A1845008E770A /* SegmentAndSlider.h */,
				DBAB59DA197A1845008E770A /* SegmentAndSlider.m */,
				DBAB59DB197A1845008E770A /* SegmentAndSlider.xib */,
				DBC610A0197909950003EC11 /* UITextField+Yume.h */,
				DBC610A1197909950003EC11 /* UITextField+Yume.m */,
				DBC610A2197909950003EC11 /* yumeImageButtonsView.h */,
				DBC610A3197909950003EC11 /* yumeImageButtonsView.m */,
				DBC610A4197909950003EC11 /* yumeImageButtonsView.xib */,
				DBC610A5197909950003EC11 /* yumeSensitivityView.h */,
				DBC610A6197909950003EC11 /* yumeSensitivityView.m */,
				DBC610A7197909950003EC11 /* yumeSensitivityView.xib */,
				DBC610A8197909950003EC11 /* yumeSwicthAndVoltageView.h */,
				DBC610A9197909950003EC11 /* yumeSwicthAndVoltageView.m */,
				DBC610AA197909950003EC11 /* yumeSwicthAndVoltageView.xib */,
				DBC610AB197909950003EC11 /* yumeXYZView.h */,
				DBC610AC197909950003EC11 /* yumeXYZView.m */,
				DBC610AD197909950003EC11 /* yumeXYZView.xib */,
				DB9B36EE197A49B3005B0021 /* LabelAndSegment.h */,
				DB9B36EF197A49B3005B0021 /* LabelAndSegment.m */,
				DB9B36F2197A4B38005B0021 /* LabelAndSegment.xib */,
				DB9B36F4197A58CD005B0021 /* AngleOfVisibilityView.h */,
				DB9B36F5197A58CD005B0021 /* AngleOfVisibilityView.m */,
				DB9B36F8197A5A72005B0021 /* AngleOfVisibilityView.xib */,
				DBCF958C197CB914000ECE81 /* CradleHeadControllView.h */,
				DBCF958D197CB914000ECE81 /* CradleHeadControllView.m */,
				DBCF9590197CB9B8000ECE81 /* CradleHeadControllView.xib */,
			);
			path = TemplateView;
			sourceTree = "<group>";
		};
		4D43516B19751A020018D4F9 /* images */ = {
			isa = PBXGroup;
			children = (
				4D43516C19751A020018D4F9 /* wing4_1.jpg */,
				4D43516D19751A020018D4F9 /* wing4_2.jpg */,
				4D43516E19751A020018D4F9 /* wing6_1.jpg */,
				4D43516F19751A020018D4F9 /* wing6_2.jpg */,
				4D43517019751A020018D4F9 /* wing8_1.jpg */,
				4D43517119751A020018D4F9 /* wing8_2.jpg */,
				DB0E56A4197A21A8006D471C /* arrow(560x100).png */,
				DB0E56A5197A21A8006D471C /* slider_track(240x10).png */,
				DB0E56A6197A21A8006D471C /* slider.png */,
			);
			path = images;
			sourceTree = "<group>";
		};
		4DC05E521974C82E0011B415 /* SWTableViewCell */ = {
			isa = PBXGroup;
			children = (
				4DC05E531974C82E0011B415 /* NSMutableArray+SWUtilityButtons.h */,
				4DC05E541974C82E0011B415 /* NSMutableArray+SWUtilityButtons.m */,
				4DC05E551974C82E0011B415 /* SWCellScrollView.h */,
				4DC05E561974C82E0011B415 /* SWCellScrollView.m */,
				4DC05E571974C82E0011B415 /* SWLongPressGestureRecognizer.h */,
				4DC05E581974C82E0011B415 /* SWLongPressGestureRecognizer.m */,
				4DC05E591974C82E0011B415 /* SWTableViewCell.h */,
				4DC05E5A1974C82E0011B415 /* SWTableViewCell.m */,
				4DC05E5B1974C82E0011B415 /* SWUtilityButtonTapGestureRecognizer.h */,
				4DC05E5C1974C82E0011B415 /* SWUtilityButtonTapGestureRecognizer.m */,
				4DC05E5D1974C82E0011B415 /* SWUtilityButtonView.h */,
				4DC05E5E1974C82E0011B415 /* SWUtilityButtonView.m */,
			);
			path = SWTableViewCell;
			sourceTree = "<group>";
		};
		4DC05E661974C82E0011B415 /* TemplateView2 */ = {
			isa = PBXGroup;
			children = (
				4DC05E671974C82E0011B415 /* pic_Blade-Direction_001(172x172).png */,
				4DC05E681974C82E0011B415 /* pic_Blade-Direction_002(172x172).png */,
				4DC05E691974C82E0011B415 /* pic_pitdirection_001(172x172).png */,
				4DC05E6A1974C82E0011B415 /* pic_pitdirection_002(172x172).png */,
				4DC05E6B1974C82E0011B415 /* TemplateView1.h */,
				4DC05E6C1974C82E0011B415 /* TemplateView1.m */,
				4DC05E6D1974C82E0011B415 /* TemplateView1.xib */,
				4DC05E6E1974C82E0011B415 /* TemplateView2.h */,
				4DC05E6F1974C82E0011B415 /* TemplateView2.m */,
				4DC05E701974C82E0011B415 /* TemplateView2.xib */,
			);
			path = TemplateView2;
			sourceTree = "<group>";
		};
		4DC05E711974C82E0011B415 /* yume */ = {
			isa = PBXGroup;
			children = (
				DB9437A819790B9800AA2AE8 /* MCUPacketDevice.h */,
				DB9437A919790B9800AA2AE8 /* VerticalUILabel.h */,
				DB9437AA19790B9800AA2AE8 /* VerticalUILabel.m */,
				DB9437AB19790B9800AA2AE8 /* yumeBTLERemoteController.h */,
				DB9437AC19790B9800AA2AE8 /* yumeBTLERemoteController.m */,
				DB9437AD19790B9800AA2AE8 /* yumeDeviceListAlertTableView.h */,
				DB9437AE19790B9800AA2AE8 /* yumeDeviceListAlertTableView.m */,
				DB9437AF19790B9800AA2AE8 /* yumeLanguage.h */,
				DB9437B019790B9800AA2AE8 /* yumeLanguage.m */,
				DB9437B119790B9800AA2AE8 /* yumeRCPDRemoteControllerParameterData.h */,
				DB9437B219790B9800AA2AE8 /* yumeRCPDRemoteControllerParameterData.m */,
				DB9437B319790B9800AA2AE8 /* yumeRCPRemoteControllerParameter.h */,
				DB9437B419790B9800AA2AE8 /* yumeRCPRemoteControllerParameter.m */,
				DB9437B519790B9800AA2AE8 /* yumeRCPRemoteControllerRadio.h */,
				DB9437B619790B9800AA2AE8 /* yumeRCPRemoteControllerRadio.m */,
				DB9437B719790B9800AA2AE8 /* yumeRCRDRemoteControllerRadioData.h */,
				DB9437B819790B9800AA2AE8 /* yumeRCRDRemoteControllerRadioData.m */,
				DB9437B919790B9800AA2AE8 /* yumeRemoteControllerDeviceProtocol.h */,
				DB9437BA19790B9800AA2AE8 /* yumeRemoteControllerDeviceProtocol.m */,
				4D6BED23197A596900F6B545 /* ViewSource.h */,
				4D6BED24197A596900F6B545 /* ViewSource.m */,
			);
			path = yume;
			sourceTree = "<group>";
		};
		4DF8E4371974B98500023E2A = {
			isa = PBXGroup;
			children = (
				4DDB13801974C8F900045C40 /* Foundation.framework */,
				4DF8E4421974B98500023E2A /* APSM */,
				4DF8E4591974B98600023E2A /* APSMTests */,
				4DF8E4A71974BA0E00023E2A /* YumeKit */,
				4DF8E4B41974BA0E00023E2A /* YumeKitTests */,
				4DF8E4411974B98500023E2A /* Products */,
			);
			sourceTree = "<group>";
		};
		4DF8E4411974B98500023E2A /* Products */ = {
			isa = PBXGroup;
			children = (
				4DF8E4401974B98500023E2A /* APSM.app */,
				4DF8E4561974B98600023E2A /* APSMTests.xctest */,
				4DF8E4A61974BA0E00023E2A /* YumeKit.framework */,
				4DF8E4B01974BA0E00023E2A /* YumeKitTests.xctest */,
			);
			name = Products;
			sourceTree = "<group>";
		};
		4DF8E4421974B98500023E2A /* APSM */ = {
			isa = PBXGroup;
			children = (
				4D43E3031976205E00B7CA4F /* Page.h */,
				4D43E3041976205E00B7CA4F /* Page.m */,
				4D43E32E19765FF100B7CA4F /* Pages.h */,
				4D43E32F19765FF100B7CA4F /* Pages.m */,
				4D43E32A19765B7300B7CA4F /* Language.h */,
				4D43E32B19765B7300B7CA4F /* Language.m */,
				4DF8E4661974BA0000023E2A /* APSM_Page */,
				DB9B36EA197A46EB005B0021 /* OSD_Page */,
				DBCF9585197CA84B000ECE81 /* CradleHead_Pages */,
				4DF8E46B1974BA0000023E2A /* DropDown */,
				4DF8E4701974BA0000023E2A /* images */,
				4DF8E47E1974BA0000023E2A /* TTScroll */,
				4DF8E46E1974BA0000023E2A /* HomeViewController.h */,
				4DF8E46F1974BA0000023E2A /* HomeViewController.m */,
				4DF8E47C1974BA0000023E2A /* LicensePageViewController.h */,
				4DF8E47D1974BA0000023E2A /* LicensePageViewController.m */,
				DB9437CE19790DBC00AA2AE8 /* APSMViewController.h */,
				DB9437CF19790DBC00AA2AE8 /* APSMViewController.m */,
				4DF8E4471974B98500023E2A /* AppDelegate.h */,
				4DF8E4481974B98500023E2A /* AppDelegate.m */,
				4DF8E44D1974B98500023E2A /* Main.storyboard */,
				4DF8E4501974B98500023E2A /* Images.xcassets */,
				4DF8E4431974B98500023E2A /* Supporting Files */,
			);
			path = APSM;
			sourceTree = "<group>";
		};
		4DF8E4431974B98500023E2A /* Supporting Files */ = {
			isa = PBXGroup;
			children = (
				4DDB13821974C93200045C40 /* APSM-Prefix.pch */,
				4DF8E4441974B98500023E2A /* Info.plist */,
				4DF8E4451974B98500023E2A /* main.m */,
				4D43E327197659FF00B7CA4F /* Localizable.strings */,
			);
			name = "Supporting Files";
			sourceTree = "<group>";
		};
		4DF8E4591974B98600023E2A /* APSMTests */ = {
			isa = PBXGroup;
			children = (
				4DF8E45C1974B98600023E2A /* APSMTests.m */,
				4DF8E45A1974B98600023E2A /* Supporting Files */,
			);
			path = APSMTests;
			sourceTree = "<group>";
		};
		4DF8E45A1974B98600023E2A /* Supporting Files */ = {
			isa = PBXGroup;
			children = (
				4DF8E45B1974B98600023E2A /* Info.plist */,
			);
			name = "Supporting Files";
			sourceTree = "<group>";
		};
		4DF8E4661974BA0000023E2A /* APSM_Page */ = {
			isa = PBXGroup;
			children = (
				4DF8E4671974BA0000023E2A /* APSM_Page1.h */,
				4DF8E4681974BA0000023E2A /* APSM_Page1.m */,
				4D43513F19750D530018D4F9 /* APSM_Page2.h */,
				4D43514019750D530018D4F9 /* APSM_Page2.m */,
				4D4351161974D8CE0018D4F9 /* APSM_Page3.h */,
				4D4351171974D8CE0018D4F9 /* APSM_Page3.m */,
			);
			path = APSM_Page;
			sourceTree = "<group>";
		};
		4DF8E46B1974BA0000023E2A /* DropDown */ = {
			isa = PBXGroup;
			children = (
				4DF8E46C1974BA0000023E2A /* NIDropDown.h */,
				4DF8E46D1974BA0000023E2A /* NIDropDown.m */,
			);
			path = DropDown;
			sourceTree = "<group>";
		};
		4DF8E4701974BA0000023E2A /* images */ = {
			isa = PBXGroup;
			children = (
				4D43E31A197646EB00B7CA4F /* phone_Menu_021(218x96).png */,
				4D43E31B197646EB00B7CA4F /* phone_Menu_022(194x96).png */,
				DBBF4B421978A8D700665F99 /* page_buttombackground(1008x64).png */,
				4D43E31C197646EB00B7CA4F /* phone_Menu_023(218x96).png */,
				4D43E31819762FB400B7CA4F /* phone_h_001(320x64).png */,
				4DF8E4711974BA0000023E2A /* 112.png */,
				4DF8E4721974BA0000023E2A /* 223.png */,
				4DF8E4731974BA0000023E2A /* home(32x32).png */,
				4DF8E4741974BA0000023E2A /* Icon.png */,
				4DF8E4751974BA0000023E2A /* menu_background.png(296x36).png */,
				4DF8E4761974BA0000023E2A /* phone_h_icon(44x44).png */,
				4DF8E4771974BA0000023E2A /* phone_Menu_031(218x96).png */,
				4D43E308197629E800B7CA4F /* caution(60x60).png.png */,
				4D43E309197629E800B7CA4F /* link_g.png */,
				4D43E30A197629E800B7CA4F /* link_r.png */,
				4D43E30B197629E800B7CA4F /* phone_ConnectionStatus(64x64).png */,
				4D43E30C197629E800B7CA4F /* phone_Menu_001(630x96).png */,
				4D43E30D197629E800B7CA4F /* phone_Menu_011(412x96).png */,
				4D43E30E197629E800B7CA4F /* phone_Menu_012(96x96).png */,
				4D43E30F197629E800B7CA4F /* phone_Menu_013(122x96).png */,
				4DF8E4781974BA0000023E2A /* phone_Menu_032(194x96).png */,
				4DF8E4791974BA0000023E2A /* phone_Menu_033(218x96).png */,
				4DF8E47A1974BA0000023E2A /* phone_page00(640).jpg */,
				4DF8E47B1974BA0000023E2A /* window_background.png(1008x642).png */,
			);
			path = images;
			sourceTree = "<group>";
		};
		4DF8E47E1974BA0000023E2A /* TTScroll */ = {
			isa = PBXGroup;
			children = (
				4DF8E47F1974BA0000023E2A /* TTBlackTriangle.h */,
				4DF8E4801974BA0000023E2A /* TTBlackTriangle.m */,
				4DF8E4811974BA0000023E2A /* TTScrollSlidingPagesController.h */,
				DBD489411977CA3500532968 /* TTScrollSlidingPagesController.m */,
				4DF8E4831974BA0000023E2A /* TTScrollViewWrapper.h */,
				4DF8E4841974BA0000023E2A /* TTScrollViewWrapper.m */,
				4DF8E4851974BA0000023E2A /* TTSliddingPageDelegate.h */,
				4DF8E4861974BA0000023E2A /* TTSlidingPage.h */,
				4DF8E4871974BA0000023E2A /* TTSlidingPage.m */,
				4DF8E4881974BA0000023E2A /* TTSlidingPagesDataSource.h */,
				4DF8E4891974BA0000023E2A /* TTSlidingPageTitle.h */,
				4DF8E48A1974BA0000023E2A /* TTSlidingPageTitle.m */,
				4DF8E48B1974BA0000023E2A /* TTUIScrollViewSlidingPages.h */,
			);
			path = TTScroll;
			sourceTree = "<group>";
		};
		4DF8E4A71974BA0E00023E2A /* YumeKit */ = {
			isa = PBXGroup;
			children = (
				4D43516B19751A020018D4F9 /* images */,
				4DC05E521974C82E0011B415 /* SWTableViewCell */,
				4D435144197511E90018D4F9 /* TemplateView */,
				4DC05E661974C82E0011B415 /* TemplateView2 */,
				4DC05E711974C82E0011B415 /* yume */,
				4DC05E851974C82E0011B415 /* YumeKit-Prefix.pch */,
				4DF8E4AA1974BA0E00023E2A /* YumeKit.h */,
				4DF8E4A81974BA0E00023E2A /* Supporting Files */,
			);
			path = YumeKit;
			sourceTree = "<group>";
		};
		4DF8E4A81974BA0E00023E2A /* Supporting Files */ = {
			isa = PBXGroup;
			children = (
				4DF8E4A91974BA0E00023E2A /* Info.plist */,
			);
			name = "Supporting Files";
			sourceTree = "<group>";
		};
		4DF8E4B41974BA0E00023E2A /* YumeKitTests */ = {
			isa = PBXGroup;
			children = (
				4DF8E4B71974BA0E00023E2A /* YumeKitTests.m */,
				4DF8E4B51974BA0E00023E2A /* Supporting Files */,
			);
			path = YumeKitTests;
			sourceTree = "<group>";
		};
		4DF8E4B51974BA0E00023E2A /* Supporting Files */ = {
			isa = PBXGroup;
			children = (
				4DF8E4B61974BA0E00023E2A /* Info.plist */,
			);
			name = "Supporting Files";
			sourceTree = "<group>";
		};
		DB9B36EA197A46EB005B0021 /* OSD_Page */ = {
			isa = PBXGroup;
			children = (
				DB9B36EB197A4739005B0021 /* OSD_Page1.h */,
				DB9B36EC197A4739005B0021 /* OSD_Page1.m */,
			);
			name = OSD_Page;
			path = ..;
			sourceTree = "<group>";
		};
		DBCF9585197CA84B000ECE81 /* CradleHead_Pages */ = {
			isa = PBXGroup;
			children = (
				DBCF9589197CA8BF000ECE81 /* CradleHead_Page1.h */,
				DBCF958A197CA8BF000ECE81 /* CradleHead_Page1.m */,
				DBCF9592197CE376000ECE81 /* CradleHead_Page2.h */,
				DBCF9593197CE376000ECE81 /* CradleHead_Page2.m */,
			);
			name = CradleHead_Pages;
			path = ..;
			sourceTree = "<group>";
		};
/* End PBXGroup section */

/* Begin PBXHeadersBuildPhase section */
		4DF8E4A31974BA0E00023E2A /* Headers */ = {
			isa = PBXHeadersBuildPhase;
			buildActionMask = 2147483647;
			files = (
				DB9437BB19790B9800AA2AE8 /* MCUPacketDevice.h in Headers */,
				DBCF958E197CB914000ECE81 /* CradleHeadControllView.h in Headers */,
				DBC610AE197909950003EC11 /* UITextField+Yume.h in Headers */,
				DBC610B3197909950003EC11 /* yumeSensitivityView.h in Headers */,
				DB9437C819790B9800AA2AE8 /* yumeRCPRemoteControllerRadio.h in Headers */,
				4DC05E9F1974C82E0011B415 /* TemplateView2.h in Headers */,
				DBD489451977D37900532968 /* ReceiverAndBindView.h in Headers */,
				4DF8E4AB1974BA0E00023E2A /* YumeKit.h in Headers */,
				4D6BED25197A596900F6B545 /* ViewSource.h in Headers */,
				4DC05E8E1974C82E0011B415 /* SWUtilityButtonTapGestureRecognizer.h in Headers */,
				DBC6109E1978FC980003EC11 /* BlankView.h in Headers */,
				DB9437C419790B9800AA2AE8 /* yumeRCPDRemoteControllerParameterData.h in Headers */,
				DBC610B0197909950003EC11 /* yumeImageButtonsView.h in Headers */,
				DB9437BE19790B9800AA2AE8 /* yumeBTLERemoteController.h in Headers */,
				DB9B36F6197A58CD005B0021 /* AngleOfVisibilityView.h in Headers */,
				DB9437C019790B9800AA2AE8 /* yumeDeviceListAlertTableView.h in Headers */,
				DB9437CC19790B9800AA2AE8 /* yumeRemoteControllerDeviceProtocol.h in Headers */,
				DB9437CA19790B9800AA2AE8 /* yumeRCRDRemoteControllerRadioData.h in Headers */,
				4DC05E9C1974C82E0011B415 /* TemplateView1.h in Headers */,
				DB9B36F0197A49B4005B0021 /* LabelAndSegment.h in Headers */,
				4DC05E8C1974C82E0011B415 /* SWTableViewCell.h in Headers */,
				4DDB13831974C93200045C40 /* APSM-Prefix.pch in Headers */,
				4DC05E861974C82E0011B415 /* NSMutableArray+SWUtilityButtons.h in Headers */,
				DB9437BC19790B9800AA2AE8 /* VerticalUILabel.h in Headers */,
				DB9437C219790B9800AA2AE8 /* yumeLanguage.h in Headers */,
				DB9437C619790B9800AA2AE8 /* yumeRCPRemoteControllerParameter.h in Headers */,
				DBC610B9197909950003EC11 /* yumeXYZView.h in Headers */,
				4DC05EB51974C82E0011B415 /* YumeKit-Prefix.pch in Headers */,
				4DC05E8A1974C82E0011B415 /* SWLongPressGestureRecognizer.h in Headers */,
				DB8D1C901978E7C900FC88BA /* TransmitterRadioView.h in Headers */,
				DBC610B6197909950003EC11 /* yumeSwicthAndVoltageView.h in Headers */,
				DBAB59DC197A1845008E770A /* SegmentAndSlider.h in Headers */,
				4DC05E881974C82E0011B415 /* SWCellScrollView.h in Headers */,
				4DC05E901974C82E0011B415 /* SWUtilityButtonView.h in Headers */,
			);
			runOnlyForDeploymentPostprocessing = 0;
		};
/* End PBXHeadersBuildPhase section */

/* Begin PBXNativeTarget section */
		4DF8E43F1974B98500023E2A /* APSM */ = {
			isa = PBXNativeTarget;
			buildConfigurationList = 4DF8E4601974B98600023E2A /* Build configuration list for PBXNativeTarget "APSM" */;
			buildPhases = (
				4DF8E43C1974B98500023E2A /* Sources */,
				4DF8E43D1974B98500023E2A /* Frameworks */,
				4DF8E43E1974B98500023E2A /* Resources */,
				4DF8E4C21974BA0F00023E2A /* Embed Frameworks */,
			);
			buildRules = (
			);
			dependencies = (
				4DF8E4BA1974BA0E00023E2A /* PBXTargetDependency */,
				4DF8E4BE1974BA0F00023E2A /* PBXTargetDependency */,
			);
			name = APSM;
			productName = APSM;
			productReference = 4DF8E4401974B98500023E2A /* APSM.app */;
			productType = "com.apple.product-type.application";
		};
		4DF8E4551974B98600023E2A /* APSMTests */ = {
			isa = PBXNativeTarget;
			buildConfigurationList = 4DF8E4631974B98600023E2A /* Build configuration list for PBXNativeTarget "APSMTests" */;
			buildPhases = (
				4DF8E4521974B98600023E2A /* Sources */,
				4DF8E4531974B98600023E2A /* Frameworks */,
				4DF8E4541974B98600023E2A /* Resources */,
			);
			buildRules = (
			);
			dependencies = (
				4DF8E4581974B98600023E2A /* PBXTargetDependency */,
			);
			name = APSMTests;
			productName = APSMTests;
			productReference = 4DF8E4561974B98600023E2A /* APSMTests.xctest */;
			productType = "com.apple.product-type.bundle.unit-test";
		};
		4DF8E4A51974BA0E00023E2A /* YumeKit */ = {
			isa = PBXNativeTarget;
			buildConfigurationList = 4DF8E4BF1974BA0F00023E2A /* Build configuration list for PBXNativeTarget "YumeKit" */;
			buildPhases = (
				4DF8E4A11974BA0E00023E2A /* Sources */,
				4DF8E4A21974BA0E00023E2A /* Frameworks */,
				4DF8E4A31974BA0E00023E2A /* Headers */,
				4DF8E4A41974BA0E00023E2A /* Resources */,
			);
			buildRules = (
			);
			dependencies = (
			);
			name = YumeKit;
			productName = YumeKit;
			productReference = 4DF8E4A61974BA0E00023E2A /* YumeKit.framework */;
			productType = "com.apple.product-type.framework";
		};
		4DF8E4AF1974BA0E00023E2A /* YumeKitTests */ = {
			isa = PBXNativeTarget;
			buildConfigurationList = 4DF8E4C31974BA0F00023E2A /* Build configuration list for PBXNativeTarget "YumeKitTests" */;
			buildPhases = (
				4DF8E4AC1974BA0E00023E2A /* Sources */,
				4DF8E4AD1974BA0E00023E2A /* Frameworks */,
				4DF8E4AE1974BA0E00023E2A /* Resources */,
			);
			buildRules = (
			);
			dependencies = (
				4DF8E4B31974BA0E00023E2A /* PBXTargetDependency */,
				4DF8E4C71974BA0F00023E2A /* PBXTargetDependency */,
			);
			name = YumeKitTests;
			productName = YumeKitTests;
			productReference = 4DF8E4B01974BA0E00023E2A /* YumeKitTests.xctest */;
			productType = "com.apple.product-type.bundle.unit-test";
		};
/* End PBXNativeTarget section */

/* Begin PBXProject section */
		4DF8E4381974B98500023E2A /* Project object */ = {
			isa = PBXProject;
			attributes = {
				LastUpgradeCheck = 0600;
				ORGANIZATIONNAME = yume;
				TargetAttributes = {
					4DF8E43F1974B98500023E2A = {
						CreatedOnToolsVersion = 6.0;
					};
					4DF8E4551974B98600023E2A = {
						CreatedOnToolsVersion = 6.0;
						TestTargetID = 4DF8E43F1974B98500023E2A;
					};
					4DF8E4A51974BA0E00023E2A = {
						CreatedOnToolsVersion = 6.0;
					};
					4DF8E4AF1974BA0E00023E2A = {
						CreatedOnToolsVersion = 6.0;
						TestTargetID = 4DF8E4A51974BA0E00023E2A;
					};
				};
			};
			buildConfigurationList = 4DF8E43B1974B98500023E2A /* Build configuration list for PBXProject "APSM" */;
			compatibilityVersion = "Xcode 3.2";
			developmentRegion = English;
			hasScannedForEncodings = 0;
			knownRegions = (
				en,
				Base,
				"zh-Hant",
				"zh-Hans",
			);
			mainGroup = 4DF8E4371974B98500023E2A;
			productRefGroup = 4DF8E4411974B98500023E2A /* Products */;
			projectDirPath = "";
			projectRoot = "";
			targets = (
				4DF8E43F1974B98500023E2A /* APSM */,
				4DF8E4551974B98600023E2A /* APSMTests */,
				4DF8E4A51974BA0E00023E2A /* YumeKit */,
				4DF8E4AF1974BA0E00023E2A /* YumeKitTests */,
			);
		};
/* End PBXProject section */

/* Begin PBXResourcesBuildPhase section */
		4DF8E43E1974B98500023E2A /* Resources */ = {
			isa = PBXResourcesBuildPhase;
			buildActionMask = 2147483647;
			files = (
				4DF8E4941974BA0000023E2A /* menu_background.png(296x36).png in Resources */,
				4D43E311197629E800B7CA4F /* link_g.png in Resources */,
				4DF8E4981974BA0000023E2A /* phone_Menu_033(218x96).png in Resources */,
				4D43E310197629E800B7CA4F /* caution(60x60).png.png in Resources */,
				DBBF4B431978A8D700665F99 /* page_buttombackground(1008x64).png in Resources */,
				4D43E325197659FF00B7CA4F /* Localizable.strings in Resources */,
				4DF8E4931974BA0000023E2A /* Icon.png in Resources */,
				4D43E314197629E800B7CA4F /* phone_Menu_001(630x96).png in Resources */,
				4DF8E4901974BA0000023E2A /* 112.png in Resources */,
				4D43E31F197646EB00B7CA4F /* phone_Menu_023(218x96).png in Resources */,
				4D43E31D197646EB00B7CA4F /* phone_Menu_021(218x96).png in Resources */,
				4DF8E4971974BA0000023E2A /* phone_Menu_032(194x96).png in Resources */,
				4D43E31919762FB400B7CA4F /* phone_h_001(320x64).png in Resources */,
				4DF8E4991974BA0000023E2A /* phone_page00(640).jpg in Resources */,
				4DF8E4911974BA0000023E2A /* 223.png in Resources */,
				4D43E315197629E800B7CA4F /* phone_Menu_011(412x96).png in Resources */,
				4D43E31E197646EB00B7CA4F /* phone_Menu_022(194x96).png in Resources */,
				4DF8E4961974BA0000023E2A /* phone_Menu_031(218x96).png in Resources */,
				4D43E317197629E800B7CA4F /* phone_Menu_013(122x96).png in Resources */,
				4D43E312197629E800B7CA4F /* link_r.png in Resources */,
				4DF8E4951974BA0000023E2A /* phone_h_icon(44x44).png in Resources */,
				4DF8E44F1974B98500023E2A /* Main.storyboard in Resources */,
				4D43E316197629E800B7CA4F /* phone_Menu_012(96x96).png in Resources */,
				4D43E313197629E800B7CA4F /* phone_ConnectionStatus(64x64).png in Resources */,
				4DF8E49A1974BA0000023E2A /* window_background.png(1008x642).png in Resources */,
				4DF8E4921974BA0000023E2A /* home(32x32).png in Resources */,
				4DF8E4511974B98500023E2A /* Images.xcassets in Resources */,
			);
			runOnlyForDeploymentPostprocessing = 0;
		};
		4DF8E4541974B98600023E2A /* Resources */ = {
			isa = PBXResourcesBuildPhase;
			buildActionMask = 2147483647;
			files = (
			);
			runOnlyForDeploymentPostprocessing = 0;
		};
		4DF8E4A41974BA0E00023E2A /* Resources */ = {
			isa = PBXResourcesBuildPhase;
			buildActionMask = 2147483647;
			files = (
				DB0E56A9197A21A8006D471C /* slider.png in Resources */,
				DB9B36F9197A5A72005B0021 /* AngleOfVisibilityView.xib in Resources */,
				4D43517519751A020018D4F9 /* wing6_2.jpg in Resources */,
				DBAB59DE197A1845008E770A /* SegmentAndSlider.xib in Resources */,
				DB8D1C931978E81800FC88BA /* TransmitterRadioView.xib in Resources */,
				4DC05E991974C82E0011B415 /* pic_Blade-Direction_002(172x172).png in Resources */,
				4DC05EA11974C82E0011B415 /* TemplateView2.xib in Resources */,
				DBD489481977D4AB00532968 /* ReceiverAndBindView.xib in Resources */,
				4D43517419751A020018D4F9 /* wing6_1.jpg in Resources */,
				DBC610B8197909950003EC11 /* yumeSwicthAndVoltageView.xib in Resources */,
				4D43517319751A020018D4F9 /* wing4_2.jpg in Resources */,
				DB0E56A7197A21A8006D471C /* arrow(560x100).png in Resources */,
				4D43517619751A020018D4F9 /* wing8_1.jpg in Resources */,
				4D43517719751A020018D4F9 /* wing8_2.jpg in Resources */,
				4DC05E9E1974C82E0011B415 /* TemplateView1.xib in Resources */,
				DB9B36F3197A4B38005B0021 /* LabelAndSegment.xib in Resources */,
				DB0E56A8197A21A8006D471C /* slider_track(240x10).png in Resources */,
				DBC610B2197909950003EC11 /* yumeImageButtonsView.xib in Resources */,
				DBCF9591197CB9B8000ECE81 /* CradleHeadControllView.xib in Resources */,
				DBC610BB197909950003EC11 /* yumeXYZView.xib in Resources */,
				4DC05E9B1974C82E0011B415 /* pic_pitdirection_002(172x172).png in Resources */,
				4D43517219751A020018D4F9 /* wing4_1.jpg in Resources */,
				4DC05E9A1974C82E0011B415 /* pic_pitdirection_001(172x172).png in Resources */,
				DBC610B5197909950003EC11 /* yumeSensitivityView.xib in Resources */,
				4DC05E981974C82E0011B415 /* pic_Blade-Direction_001(172x172).png in Resources */,
			);
			runOnlyForDeploymentPostprocessing = 0;
		};
		4DF8E4AE1974BA0E00023E2A /* Resources */ = {
			isa = PBXResourcesBuildPhase;
			buildActionMask = 2147483647;
			files = (
			);
			runOnlyForDeploymentPostprocessing = 0;
		};
/* End PBXResourcesBuildPhase section */

/* Begin PBXSourcesBuildPhase section */
		4DF8E43C1974B98500023E2A /* Sources */ = {
			isa = PBXSourcesBuildPhase;
			buildActionMask = 2147483647;
			files = (
				4D43E3051976205E00B7CA4F /* Page.m in Sources */,
				4DF8E4491974B98500023E2A /* AppDelegate.m in Sources */,
				4DF8E48C1974BA0000023E2A /* APSM_Page1.m in Sources */,
				DB9437D019790DBC00AA2AE8 /* APSMViewController.m in Sources */,
				4DF8E48E1974BA0000023E2A /* NIDropDown.m in Sources */,
				4DF8E49E1974BA0000023E2A /* TTScrollViewWrapper.m in Sources */,
				4DF8E4461974B98500023E2A /* main.m in Sources */,
				4D43514119750D530018D4F9 /* APSM_Page2.m in Sources */,
				4D4351181974D8CE0018D4F9 /* APSM_Page3.m in Sources */,
				DBCF958B197CA8BF000ECE81 /* CradleHead_Page1.m in Sources */,
				DB9B36ED197A4739005B0021 /* OSD_Page1.m in Sources */,
				4D43E32C19765B7300B7CA4F /* Language.m in Sources */,
				DBCF9594197CE376000ECE81 /* CradleHead_Page2.m in Sources */,
				4DF8E48F1974BA0000023E2A /* HomeViewController.m in Sources */,
				4D43E33019765FF100B7CA4F /* Pages.m in Sources */,
				4DF8E4A01974BA0000023E2A /* TTSlidingPageTitle.m in Sources */,
				4DF8E49B1974BA0000023E2A /* LicensePageViewController.m in Sources */,
				DBD489421977CA3500532968 /* TTScrollSlidingPagesController.m in Sources */,
				4DF8E49C1974BA0000023E2A /* TTBlackTriangle.m in Sources */,
				4DF8E49F1974BA0000023E2A /* TTSlidingPage.m in Sources */,
			);
			runOnlyForDeploymentPostprocessing = 0;
		};
		4DF8E4521974B98600023E2A /* Sources */ = {
			isa = PBXSourcesBuildPhase;
			buildActionMask = 2147483647;
			files = (
				4DF8E45D1974B98600023E2A /* APSMTests.m in Sources */,
			);
			runOnlyForDeploymentPostprocessing = 0;
		};
		4DF8E4A11974BA0E00023E2A /* Sources */ = {
			isa = PBXSourcesBuildPhase;
			buildActionMask = 2147483647;
			files = (
				DBC610B1197909950003EC11 /* yumeImageButtonsView.m in Sources */,
				DB9437C319790B9800AA2AE8 /* yumeLanguage.m in Sources */,
				DBC6109F1978FC980003EC11 /* BlankView.m in Sources */,
				4D6BED26197A596900F6B545 /* ViewSource.m in Sources */,
				DB9437BF19790B9800AA2AE8 /* yumeBTLERemoteController.m in Sources */,
				DB9437C119790B9800AA2AE8 /* yumeDeviceListAlertTableView.m in Sources */,
				4DC05E871974C82E0011B415 /* NSMutableArray+SWUtilityButtons.m in Sources */,
				DBAB59DD197A1845008E770A /* SegmentAndSlider.m in Sources */,
				DB9437BD19790B9800AA2AE8 /* VerticalUILabel.m in Sources */,
				4DC05E911974C82E0011B415 /* SWUtilityButtonView.m in Sources */,
				DBCF958F197CB914000ECE81 /* CradleHeadControllView.m in Sources */,
				DBC610B4197909950003EC11 /* yumeSensitivityView.m in Sources */,
				DB9437CD19790B9800AA2AE8 /* yumeRemoteControllerDeviceProtocol.m in Sources */,
				DB8D1C911978E7C900FC88BA /* TransmitterRadioView.m in Sources */,
				4DC05E9D1974C82E0011B415 /* TemplateView1.m in Sources */,
				DB9B36F7197A58CD005B0021 /* AngleOfVisibilityView.m in Sources */,
				DBC610BA197909950003EC11 /* yumeXYZView.m in Sources */,
				DBC610AF197909950003EC11 /* UITextField+Yume.m in Sources */,
				DB9437C919790B9800AA2AE8 /* yumeRCPRemoteControllerRadio.m in Sources */,
				DBD489461977D37900532968 /* ReceiverAndBindView.m in Sources */,
				4DC05E8D1974C82E0011B415 /* SWTableViewCell.m in Sources */,
				4DC05E8F1974C82E0011B415 /* SWUtilityButtonTapGestureRecognizer.m in Sources */,
				DB9B36F1197A49B4005B0021 /* LabelAndSegment.m in Sources */,
				4DC05E891974C82E0011B415 /* SWCellScrollView.m in Sources */,
				DB9437CB19790B9800AA2AE8 /* yumeRCRDRemoteControllerRadioData.m in Sources */,
				4DC05E8B1974C82E0011B415 /* SWLongPressGestureRecognizer.m in Sources */,
				4DC05EA01974C82E0011B415 /* TemplateView2.m in Sources */,
				DBC610B7197909950003EC11 /* yumeSwicthAndVoltageView.m in Sources */,
				DB9437C519790B9800AA2AE8 /* yumeRCPDRemoteControllerParameterData.m in Sources */,
				DB9437C719790B9800AA2AE8 /* yumeRCPRemoteControllerParameter.m in Sources */,
			);
			runOnlyForDeploymentPostprocessing = 0;
		};
		4DF8E4AC1974BA0E00023E2A /* Sources */ = {
			isa = PBXSourcesBuildPhase;
			buildActionMask = 2147483647;
			files = (
				4DF8E4B81974BA0E00023E2A /* YumeKitTests.m in Sources */,
			);
			runOnlyForDeploymentPostprocessing = 0;
		};
/* End PBXSourcesBuildPhase section */

/* Begin PBXTargetDependency section */
		4DF8E4581974B98600023E2A /* PBXTargetDependency */ = {
			isa = PBXTargetDependency;
			target = 4DF8E43F1974B98500023E2A /* APSM */;
			targetProxy = 4DF8E4571974B98600023E2A /* PBXContainerItemProxy */;
		};
		4DF8E4B31974BA0E00023E2A /* PBXTargetDependency */ = {
			isa = PBXTargetDependency;
			target = 4DF8E4A51974BA0E00023E2A /* YumeKit */;
			targetProxy = 4DF8E4B21974BA0E00023E2A /* PBXContainerItemProxy */;
		};
		4DF8E4BA1974BA0E00023E2A /* PBXTargetDependency */ = {
			isa = PBXTargetDependency;
			target = 4DF8E4A51974BA0E00023E2A /* YumeKit */;
			targetProxy = 4DF8E4B91974BA0E00023E2A /* PBXContainerItemProxy */;
		};
		4DF8E4BE1974BA0F00023E2A /* PBXTargetDependency */ = {
			isa = PBXTargetDependency;
			target = 4DF8E4A51974BA0E00023E2A /* YumeKit */;
			targetProxy = 4DF8E4BD1974BA0F00023E2A /* PBXContainerItemProxy */;
		};
		4DF8E4C71974BA0F00023E2A /* PBXTargetDependency */ = {
			isa = PBXTargetDependency;
			target = 4DF8E4A51974BA0E00023E2A /* YumeKit */;
			targetProxy = 4DF8E4C61974BA0F00023E2A /* PBXContainerItemProxy */;
		};
/* End PBXTargetDependency section */

/* Begin PBXVariantGroup section */
		4D43E327197659FF00B7CA4F /* Localizable.strings */ = {
			isa = PBXVariantGroup;
			children = (
				4D43E326197659FF00B7CA4F /* Base */,
				4D43E32819765A0B00B7CA4F /* zh-Hant */,
				4D43E32919765A1200B7CA4F /* zh-Hans */,
				4D43E32D19765EB200B7CA4F /* en */,
			);
			name = Localizable.strings;
			sourceTree = "<group>";
		};
		4DF8E44D1974B98500023E2A /* Main.storyboard */ = {
			isa = PBXVariantGroup;
			children = (
				4DF8E44E1974B98500023E2A /* Base */,
			);
			name = Main.storyboard;
			sourceTree = "<group>";
		};
/* End PBXVariantGroup section */

/* Begin XCBuildConfiguration section */
		4DF8E45E1974B98600023E2A /* Debug */ = {
			isa = XCBuildConfiguration;
			buildSettings = {
				ALWAYS_SEARCH_USER_PATHS = NO;
				CLANG_CXX_LANGUAGE_STANDARD = "gnu++0x";
				CLANG_CXX_LIBRARY = "libc++";
				CLANG_ENABLE_MODULES = YES;
				CLANG_ENABLE_OBJC_ARC = YES;
				CLANG_WARN_BOOL_CONVERSION = YES;
				CLANG_WARN_CONSTANT_CONVERSION = YES;
				CLANG_WARN_DIRECT_OBJC_ISA_USAGE = YES_ERROR;
				CLANG_WARN_EMPTY_BODY = YES;
				CLANG_WARN_ENUM_CONVERSION = YES;
				CLANG_WARN_INT_CONVERSION = YES;
				CLANG_WARN_OBJC_ROOT_CLASS = YES_ERROR;
				CLANG_WARN_UNREACHABLE_CODE = YES;
				CLANG_WARN__DUPLICATE_METHOD_MATCH = YES;
				"CODE_SIGN_IDENTITY[sdk=iphoneos*]" = "iPhone Developer";
				COPY_PHASE_STRIP = NO;
				ENABLE_STRICT_OBJC_MSGSEND = YES;
				GCC_C_LANGUAGE_STANDARD = gnu99;
				GCC_DYNAMIC_NO_PIC = NO;
				GCC_OPTIMIZATION_LEVEL = 0;
				GCC_PREPROCESSOR_DEFINITIONS = (
					"DEBUG=1",
					"$(inherited)",
				);
				GCC_SYMBOLS_PRIVATE_EXTERN = NO;
				GCC_WARN_64_TO_32_BIT_CONVERSION = YES;
				GCC_WARN_ABOUT_RETURN_TYPE = YES_ERROR;
				GCC_WARN_UNDECLARED_SELECTOR = YES;
				GCC_WARN_UNINITIALIZED_AUTOS = YES_AGGRESSIVE;
				GCC_WARN_UNUSED_FUNCTION = YES;
				GCC_WARN_UNUSED_VARIABLE = YES;
				IPHONEOS_DEPLOYMENT_TARGET = 8.0;
				MTL_ENABLE_DEBUG_INFO = YES;
				ONLY_ACTIVE_ARCH = YES;
				SDKROOT = iphoneos;
			};
			name = Debug;
		};
		4DF8E45F1974B98600023E2A /* Release */ = {
			isa = XCBuildConfiguration;
			buildSettings = {
				ALWAYS_SEARCH_USER_PATHS = NO;
				CLANG_CXX_LANGUAGE_STANDARD = "gnu++0x";
				CLANG_CXX_LIBRARY = "libc++";
				CLANG_ENABLE_MODULES = YES;
				CLANG_ENABLE_OBJC_ARC = YES;
				CLANG_WARN_BOOL_CONVERSION = YES;
				CLANG_WARN_CONSTANT_CONVERSION = YES;
				CLANG_WARN_DIRECT_OBJC_ISA_USAGE = YES_ERROR;
				CLANG_WARN_EMPTY_BODY = YES;
				CLANG_WARN_ENUM_CONVERSION = YES;
				CLANG_WARN_INT_CONVERSION = YES;
				CLANG_WARN_OBJC_ROOT_CLASS = YES_ERROR;
				CLANG_WARN_UNREACHABLE_CODE = YES;
				CLANG_WARN__DUPLICATE_METHOD_MATCH = YES;
				"CODE_SIGN_IDENTITY[sdk=iphoneos*]" = "iPhone Developer";
				COPY_PHASE_STRIP = YES;
				ENABLE_NS_ASSERTIONS = NO;
				ENABLE_STRICT_OBJC_MSGSEND = YES;
				GCC_C_LANGUAGE_STANDARD = gnu99;
				GCC_WARN_64_TO_32_BIT_CONVERSION = YES;
				GCC_WARN_ABOUT_RETURN_TYPE = YES_ERROR;
				GCC_WARN_UNDECLARED_SELECTOR = YES;
				GCC_WARN_UNINITIALIZED_AUTOS = YES_AGGRESSIVE;
				GCC_WARN_UNUSED_FUNCTION = YES;
				GCC_WARN_UNUSED_VARIABLE = YES;
				IPHONEOS_DEPLOYMENT_TARGET = 8.0;
				MTL_ENABLE_DEBUG_INFO = NO;
				SDKROOT = iphoneos;
				VALIDATE_PRODUCT = YES;
			};
			name = Release;
		};
		4DF8E4611974B98600023E2A /* Debug */ = {
			isa = XCBuildConfiguration;
			buildSettings = {
				ASSETCATALOG_COMPILER_APPICON_NAME = AppIcon;
				ASSETCATALOG_COMPILER_LAUNCHIMAGE_NAME = LaunchImage;
				GCC_PRECOMPILE_PREFIX_HEADER = YES;
				GCC_PREFIX_HEADER = "APSM/APSM-Prefix.pch";
				INFOPLIST_FILE = APSM/Info.plist;
				LD_RUNPATH_SEARCH_PATHS = "$(inherited) @executable_path/Frameworks";
				PRODUCT_NAME = "$(TARGET_NAME)";
			};
			name = Debug;
		};
		4DF8E4621974B98600023E2A /* Release */ = {
			isa = XCBuildConfiguration;
			buildSettings = {
				ASSETCATALOG_COMPILER_APPICON_NAME = AppIcon;
				ASSETCATALOG_COMPILER_LAUNCHIMAGE_NAME = LaunchImage;
				GCC_PRECOMPILE_PREFIX_HEADER = YES;
				GCC_PREFIX_HEADER = "APSM/APSM-Prefix.pch";
				INFOPLIST_FILE = APSM/Info.plist;
				LD_RUNPATH_SEARCH_PATHS = "$(inherited) @executable_path/Frameworks";
				PRODUCT_NAME = "$(TARGET_NAME)";
			};
			name = Release;
		};
		4DF8E4641974B98600023E2A /* Debug */ = {
			isa = XCBuildConfiguration;
			buildSettings = {
				BUNDLE_LOADER = "$(BUILT_PRODUCTS_DIR)/APSM.app/APSM";
				FRAMEWORK_SEARCH_PATHS = (
					"$(SDKROOT)/Developer/Library/Frameworks",
					"$(inherited)",
				);
				GCC_PREPROCESSOR_DEFINITIONS = (
					"DEBUG=1",
					"$(inherited)",
				);
				INFOPLIST_FILE = APSMTests/Info.plist;
				LD_RUNPATH_SEARCH_PATHS = "$(inherited) @executable_path/Frameworks @loader_path/Frameworks";
				PRODUCT_NAME = "$(TARGET_NAME)";
				TEST_HOST = "$(BUNDLE_LOADER)";
			};
			name = Debug;
		};
		4DF8E4651974B98600023E2A /* Release */ = {
			isa = XCBuildConfiguration;
			buildSettings = {
				BUNDLE_LOADER = "$(BUILT_PRODUCTS_DIR)/APSM.app/APSM";
				FRAMEWORK_SEARCH_PATHS = (
					"$(SDKROOT)/Developer/Library/Frameworks",
					"$(inherited)",
				);
				INFOPLIST_FILE = APSMTests/Info.plist;
				LD_RUNPATH_SEARCH_PATHS = "$(inherited) @executable_path/Frameworks @loader_path/Frameworks";
				PRODUCT_NAME = "$(TARGET_NAME)";
				TEST_HOST = "$(BUNDLE_LOADER)";
			};
			name = Release;
		};
		4DF8E4C01974BA0F00023E2A /* Debug */ = {
			isa = XCBuildConfiguration;
			buildSettings = {
				CURRENT_PROJECT_VERSION = 1;
				DEFINES_MODULE = YES;
				DYLIB_COMPATIBILITY_VERSION = 1;
				DYLIB_CURRENT_VERSION = 1;
				DYLIB_INSTALL_NAME_BASE = "@rpath";
				GCC_PRECOMPILE_PREFIX_HEADER = YES;
				GCC_PREFIX_HEADER = "YumeKit/YumeKit-Prefix.pch";
				GCC_PREPROCESSOR_DEFINITIONS = (
					"DEBUG=1",
					"$(inherited)",
				);
				INFOPLIST_FILE = YumeKit/Info.plist;
				INSTALL_PATH = "$(LOCAL_LIBRARY_DIR)/Frameworks";
				LD_RUNPATH_SEARCH_PATHS = "$(inherited) @executable_path/Frameworks @loader_path/Frameworks";
				PRODUCT_NAME = "$(TARGET_NAME)";
				SKIP_INSTALL = YES;
				TARGETED_DEVICE_FAMILY = "1,2";
				VERSIONING_SYSTEM = "apple-generic";
				VERSION_INFO_PREFIX = "";
			};
			name = Debug;
		};
		4DF8E4C11974BA0F00023E2A /* Release */ = {
			isa = XCBuildConfiguration;
			buildSettings = {
				CURRENT_PROJECT_VERSION = 1;
				DEFINES_MODULE = YES;
				DYLIB_COMPATIBILITY_VERSION = 1;
				DYLIB_CURRENT_VERSION = 1;
				DYLIB_INSTALL_NAME_BASE = "@rpath";
				GCC_PRECOMPILE_PREFIX_HEADER = YES;
				GCC_PREFIX_HEADER = "YumeKit/YumeKit-Prefix.pch";
				INFOPLIST_FILE = YumeKit/Info.plist;
				INSTALL_PATH = "$(LOCAL_LIBRARY_DIR)/Frameworks";
				LD_RUNPATH_SEARCH_PATHS = "$(inherited) @executable_path/Frameworks @loader_path/Frameworks";
				PRODUCT_NAME = "$(TARGET_NAME)";
				SKIP_INSTALL = YES;
				TARGETED_DEVICE_FAMILY = "1,2";
				VERSIONING_SYSTEM = "apple-generic";
				VERSION_INFO_PREFIX = "";
			};
			name = Release;
		};
		4DF8E4C41974BA0F00023E2A /* Debug */ = {
			isa = XCBuildConfiguration;
			buildSettings = {
				FRAMEWORK_SEARCH_PATHS = (
					"$(SDKROOT)/Developer/Library/Frameworks",
					"$(inherited)",
				);
				GCC_PREPROCESSOR_DEFINITIONS = (
					"DEBUG=1",
					"$(inherited)",
				);
				INFOPLIST_FILE = YumeKitTests/Info.plist;
				LD_RUNPATH_SEARCH_PATHS = "$(inherited) @executable_path/Frameworks @loader_path/Frameworks";
				PRODUCT_NAME = "$(TARGET_NAME)";
			};
			name = Debug;
		};
		4DF8E4C51974BA0F00023E2A /* Release */ = {
			isa = XCBuildConfiguration;
			buildSettings = {
				FRAMEWORK_SEARCH_PATHS = (
					"$(SDKROOT)/Developer/Library/Frameworks",
					"$(inherited)",
				);
				INFOPLIST_FILE = YumeKitTests/Info.plist;
				LD_RUNPATH_SEARCH_PATHS = "$(inherited) @executable_path/Frameworks @loader_path/Frameworks";
				PRODUCT_NAME = "$(TARGET_NAME)";
			};
			name = Release;
		};
/* End XCBuildConfiguration section */

/* Begin XCConfigurationList section */
		4DF8E43B1974B98500023E2A /* Build configuration list for PBXProject "APSM" */ = {
			isa = XCConfigurationList;
			buildConfigurations = (
				4DF8E45E1974B98600023E2A /* Debug */,
				4DF8E45F1974B98600023E2A /* Release */,
			);
			defaultConfigurationIsVisible = 0;
			defaultConfigurationName = Release;
		};
		4DF8E4601974B98600023E2A /* Build configuration list for PBXNativeTarget "APSM" */ = {
			isa = XCConfigurationList;
			buildConfigurations = (
				4DF8E4611974B98600023E2A /* Debug */,
				4DF8E4621974B98600023E2A /* Release */,
			);
			defaultConfigurationIsVisible = 0;
			defaultConfigurationName = Release;
		};
		4DF8E4631974B98600023E2A /* Build configuration list for PBXNativeTarget "APSMTests" */ = {
			isa = XCConfigurationList;
			buildConfigurations = (
				4DF8E4641974B98600023E2A /* Debug */,
				4DF8E4651974B98600023E2A /* Release */,
			);
			defaultConfigurationIsVisible = 0;
			defaultConfigurationName = Release;
		};
		4DF8E4BF1974BA0F00023E2A /* Build configuration list for PBXNativeTarget "YumeKit" */ = {
			isa = XCConfigurationList;
			buildConfigurations = (
				4DF8E4C01974BA0F00023E2A /* Debug */,
				4DF8E4C11974BA0F00023E2A /* Release */,
			);
			defaultConfigurationIsVisible = 0;
			defaultConfigurationName = Release;
		};
		4DF8E4C31974BA0F00023E2A /* Build configuration list for PBXNativeTarget "YumeKitTests" */ = {
			isa = XCConfigurationList;
			buildConfigurations = (
				4DF8E4C41974BA0F00023E2A /* Debug */,
				4DF8E4C51974BA0F00023E2A /* Release */,
			);
			defaultConfigurationIsVisible = 0;
			defaultConfigurationName = Release;
		};
/* End XCConfigurationList section */
	};
	rootObject = 4DF8E4381974B98500023E2A /* Project object */;
}
